version: 7
platforms:
- name: linux-64
  virtual-packages:
  - __unix=0=0
  - __linux=4.18
  - __glibc=2.28
  - __archspec=0=x86_64
- name: linux-aarch64
  virtual-packages:
  - __unix=0=0
  - __linux=4.18
  - __glibc=2.28
  - __archspec=0=aarch64
- name: win-64
  virtual-packages:
  - __win=10.0
  - __archspec=0=x86_64
environments:
  default:
    channels:
    - url: https://prefix.dev/glatzel/
    - url: https://conda.anaconda.org/conda-forge/
    packages:
      linux-64:
      - conda: https://conda.anaconda.org/conda-forge/linux-64/_openmp_mutex-4.5-20_gnu.conda
      - conda: https://conda.anaconda.org/conda-forge/linux-64/c-ares-1.34.8-hebe6cf0_2.conda
      - conda: https://conda.anaconda.org/conda-forge/linux-64/icu-78.3-py310h44b86e0_2.conda
      - conda: https://conda.anaconda.org/conda-forge/linux-64/libabseil-20260526.0-cxx17_h0dc7533_2.conda
      - conda: https://conda.anaconda.org/conda-forge/linux-64/libbrotlicommon-1.2.0-h39a168f_3.conda
      - conda: https://conda.anaconda.org/conda-forge/linux-64/libbrotlidec-1.2.0-ha411449_3.conda
      - conda: https://conda.anaconda.org/conda-forge/linux-64/libbrotlienc-1.2.0-h018ffa1_3.conda
      - conda: https://conda.anaconda.org/conda-forge/linux-64/libev-4.33-h280c20c_3.conda
      - conda: https://conda.anaconda.org/conda-forge/linux-64/libgcc-16.1.0-ha9f2e26_3.conda
      - conda: https://conda.anaconda.org/conda-forge/linux-64/libgomp-16.1.0-he0feb66_3.conda
      - conda: https://conda.anaconda.org/conda-forge/linux-64/libnghttp2-1.68.1-h74cf4be_1.conda
      - conda: https://conda.anaconda.org/conda-forge/linux-64/libsqlite-3.53.4-h13e7031_1.conda
      - conda: https://conda.anaconda.org/conda-forge/linux-64/libstdcxx-16.1.0-h934c35e_3.conda
      - conda: https://conda.anaconda.org/conda-forge/linux-64/libuv-1.52.1-h280c20c_1.conda
      - conda: https://conda.anaconda.org/conda-forge/linux-64/libzlib-1.3.2-h25fd6f3_3.conda
      - conda: https://conda.anaconda.org/conda-forge/linux-64/nodejs-26.6.0-hc039f44_0.conda
      - conda: https://conda.anaconda.org/conda-forge/linux-64/openssl-3.6.3-h35e630c_1.conda
      - conda: https://conda.anaconda.org/conda-forge/linux-64/zstd-1.5.7-hb78ec9c_7.conda
      - conda: https://conda.anaconda.org/conda-forge/noarch/ca-certificates-2026.7.22-hbd8a1cb_0.conda
      - conda: https://prefix.dev/glatzel/noarch/fonts-cascadia-mono-woff2-3.5.1-h4616a5c_0.conda
      linux-aarch64:
      - conda: https://conda.anaconda.org/conda-forge/linux-aarch64/_openmp_mutex-4.5-20_gnu.conda
      - conda: https://conda.anaconda.org/conda-forge/linux-aarch64/c-ares-1.34.8-h29ee22c_2.conda
      - conda: https://conda.anaconda.org/conda-forge/linux-aarch64/icu-78.3-py311h3512406_2.conda
      - conda: https://conda.anaconda.org/conda-forge/linux-aarch64/libabseil-20260526.0-cxx17_hc5e897d_2.conda
      - conda: https://conda.anaconda.org/conda-forge/linux-aarch64/libbrotlicommon-1.2.0-h384ecca_3.conda
      - conda: https://conda.anaconda.org/conda-forge/linux-aarch64/libbrotlidec-1.2.0-h011f0d3_3.conda
      - conda: https://conda.anaconda.org/conda-forge/linux-aarch64/libbrotlienc-1.2.0-hb247b97_3.conda
      - conda: https://conda.anaconda.org/conda-forge/linux-aarch64/libev-4.33-h80f16a2_3.conda
      - conda: https://conda.anaconda.org/conda-forge/linux-aarch64/libgcc-16.1.0-h205dda4_3.conda
      - conda: https://conda.anaconda.org/conda-forge/linux-aarch64/libgomp-16.1.0-h8acb6b2_3.conda
      - conda: https://conda.anaconda.org/conda-forge/linux-aarch64/libnghttp2-1.68.1-ha4b982d_1.conda
      - conda: https://conda.anaconda.org/conda-forge/linux-aarch64/libsqlite-3.53.4-h399dd60_1.conda
      - conda: https://conda.anaconda.org/conda-forge/linux-aarch64/libstdcxx-16.1.0-hef695bb_3.conda
      - conda: https://conda.anaconda.org/conda-forge/linux-aarch64/libuv-1.52.1-h80f16a2_1.conda
      - conda: https://conda.anaconda.org/conda-forge/linux-aarch64/libzlib-1.3.2-hdc9db2a_3.conda
      - conda: https://conda.anaconda.org/conda-forge/linux-aarch64/nodejs-26.6.0-hb82d7cf_0.conda
      - conda: https://conda.anaconda.org/conda-forge/linux-aarch64/openssl-3.6.3-h546c87b_1.conda
      - conda: https://conda.anaconda.org/conda-forge/linux-aarch64/zstd-1.5.7-h9d15635_7.conda
      - conda: https://conda.anaconda.org/conda-forge/noarch/ca-certificates-2026.7.22-hbd8a1cb_0.conda
      - conda: https://prefix.dev/glatzel/noarch/fonts-cascadia-mono-woff2-3.5.1-h4616a5c_0.conda
      win-64:
      - conda: https://conda.anaconda.org/conda-forge/win-64/nodejs-26.6.0-h80d1838_0.conda
      - conda: https://prefix.dev/glatzel/noarch/fonts-cascadia-mono-woff2-3.5.1-h4616a5c_0.conda
packages:
- conda: https://conda.anaconda.org/conda-forge/linux-64/_openmp_mutex-4.5-20_gnu.conda
  build_number: 20
  sha256: 1dd3fffd892081df9726d7eb7e0dea6198962ba775bd88842135a4ddb4deb3c9
  md5: a9f577daf3de00bca7c3c76c0ecbd1de
  depends:
  - __glibc >=2.17,<3.0.a0
  - libgomp >=7.5.0
  constrains:
  - openmp_impl <0.0a0
  license: BSD-3-Clause
  license_family: BSD
  run_exports:
    strong:
    - _openmp_mutex >=4.5
  size: 28948
  timestamp: 1770939786096
- conda: https://conda.anaconda.org/conda-forge/linux-64/c-ares-1.34.8-hebe6cf0_2.conda
  sha256: 9c37cc233238adf366ea75b0e845662a5be07ceadf62e458183516369340274b
  md5: 3ad2b403be8fc5612b9159e2ce621f69
  depends:
  - libgcc >=15
  - __glibc >=2.17,<3.0.a0
  license: MIT
  license_family: MIT
  run_exports:
    weak:
    - c-ares >=1.34.8,<2.0a0
  size: 228700
  timestamp: 1787169971173
- conda: https://conda.anaconda.org/conda-forge/linux-64/icu-78.3-py310h44b86e0_2.conda
  sha256: 9f07834f0c546ab14d885ce0366285f61f44e326c0edd1fc63b8294e113ae432
  md5: 72a381cbad04f24b1c2a43ef707f45b4
  depends:
  - __glibc >=2.17,<3.0.a0
  - libstdcxx >=14
  - libgcc >=14
  license: MIT
  license_family: MIT
  run_exports:
    weak:
    - icu >=78.3,<79.0a0
  size: 14459115
  timestamp: 1786545741408
- conda: https://conda.anaconda.org/conda-forge/linux-64/libabseil-20260526.0-cxx17_h0dc7533_2.conda
  sha256: 7bb3d495411b7059e85225aae500d84e7846a4bb02ebd77e4450200b20c180f0
  md5: 6983bfe8e09992014b9cf393769c7a84
  depends:
  - __glibc >=2.17,<3.0.a0
  - libgcc >=14
  - libstdcxx >=14
  constrains:
  - abseil-cpp =20260526.0
  - libabseil-static =20260526.0=cxx17*
  license: Apache-2.0
  license_family: Apache
  run_exports:
    weak:
    - libabseil >=20260526.0,<20260527.0a0
    - libabseil =*=cxx17*
  size: 1436888
  timestamp: 1787217011773
- conda: https://conda.anaconda.org/conda-forge/linux-64/libbrotlicommon-1.2.0-h39a168f_3.conda
  sha256: e5864f257f839ffc27d681659bac95901f524f602b9121e5dcc5e2df18437f2d
  md5: 7a2499a177753582fb7ae7e9dc4a908a
  depends:
  - __glibc >=2.17,<3.0.a0
  - libgcc >=15
  license: MIT
  license_family: MIT
  run_exports:
    weak:
    - libbrotlicommon >=1.2.0,<1.3.0a0
  size: 80265
  timestamp: 1786622773969
- conda: https://conda.anaconda.org/conda-forge/linux-64/libbrotlidec-1.2.0-ha411449_3.conda
  sha256: dad31b6d104973deb89710929a35651033aad692d4e7793cdb5b786a9bd54678
  md5: 6ab3315dc56618d652c1da42a648a129
  depends:
  - __glibc >=2.17,<3.0.a0
  - libbrotlicommon 1.2.0 h39a168f_3
  - libgcc >=15
  license: MIT
  license_family: MIT
  run_exports:
    weak:
    - libbrotlidec >=1.2.0,<1.3.0a0
  size: 34828
  timestamp: 1786622783405
- conda: https://conda.anaconda.org/conda-forge/linux-64/libbrotlienc-1.2.0-h018ffa1_3.conda
  sha256: d37124d0f51816e7d5e3a94bfc9ed3d6174d077f9b4f832d20c5a08b52bebf1f
  md5: 2ac965638d4c6b2b38383bb1aebaf543
  depends:
  - __glibc >=2.17,<3.0.a0
  - libbrotlicommon 1.2.0 h39a168f_3
  - libgcc >=15
  license: MIT
  license_family: MIT
  run_exports:
    weak:
    - libbrotlienc >=1.2.0,<1.3.0a0
  size: 298639
  timestamp: 1786622792145
- conda: https://conda.anaconda.org/conda-forge/linux-64/libev-4.33-h280c20c_3.conda
  sha256: e4418f68d01a6307c4431b585c71b584f40189877364e542ee87deb777f5e85b
  md5: 7bc31538d6e3fb349e897353969237ec
  depends:
  - libgcc >=14
  - __glibc >=2.17,<3.0.a0
  license: BSD-2-Clause OR GPL-2.0-or-later
  license_family: GPL
  run_exports:
    weak:
    - libev >=4.33,<4.34.0a0
  size: 43220
  timestamp: 1785917328200
- conda: https://conda.anaconda.org/conda-forge/linux-64/libgcc-16.1.0-ha9f2e26_3.conda
  sha256: af35751596409fc1a1a81a32b7f1e195bca7f648dfe7c64f8ec4848b3a5003f8
  md5: c471b242d299f8bc1e2b3e0f6e9f4b77
  depends:
  - __glibc >=2.17,<3.0.a0
  - _openmp_mutex >=4.5
  constrains:
  - libgcc-ng ==16.1.0=*_3
  - libgomp 16.1.0 he0feb66_3
  license: GPL-3.0-only WITH GCC-exception-3.1
  run_exports: {}
  size: 1058775
  timestamp: 1787329503824
- conda: https://conda.anaconda.org/conda-forge/linux-64/libgomp-16.1.0-he0feb66_3.conda
  sha256: 5998d3e2ef3ffcae6cd794c87f12acdd7220e69f7685a8ccef3cd2c5f6252831
  md5: 593dc8ed1ed687d4ffff6b8d2fce9d9f
  depends:
  - __glibc >=2.17,<3.0.a0
  license: GPL-3.0-only WITH GCC-exception-3.1
  run_exports:
    strong:
    - _openmp_mutex >=4.5
  size: 641537
  timestamp: 1787329444295
- conda: https://conda.anaconda.org/conda-forge/linux-64/libnghttp2-1.68.1-h74cf4be_1.conda
  sha256: 11a2f54a6f391e25738bce0023e6ef499600147bbcf21c1fa69d2e251b03cc6a
  md5: 75d211f04ac87506f1f43420712a69fe
  depends:
  - __glibc >=2.17,<3.0.a0
  - c-ares >=1.34.8,<2.0a0
  - libev >=4.33,<4.34.0a0
  - libev >=4.33,<5.0a0
  - libgcc >=15
  - libstdcxx >=15
  - libzlib >=1.3.2,<2.0a0
  - openssl >=3.5.7,<4.0a0
  license: MIT
  license_family: MIT
  run_exports:
    weak:
    - libnghttp2 >=1.68.1,<2.0a0
  size: 649974
  timestamp: 1787177490105
- conda: https://conda.anaconda.org/conda-forge/linux-64/libsqlite-3.53.4-h13e7031_1.conda
  sha256: f20d70da54e5b31dd4a51fb1efeaafafd5ab6dd8d7ac9d1438eaa2526ac4ed3d
  md5: e72bbec309c2b0f37823ee7d4fabfcd3
  depends:
  - __glibc >=2.17,<3.0.a0
  - icu >=78.3,<79.0a0
  - libgcc >=15
  - libzlib >=1.3.2,<2.0a0
  license: blessing
  run_exports:
    weak:
    - libsqlite >=3.53.4,<4.0a0
  size: 974348
  timestamp: 1787051145557
- conda: https://conda.anaconda.org/conda-forge/linux-64/libstdcxx-16.1.0-h934c35e_3.conda
  sha256: 6e98c0283244b5f8bbc0e86f7cba4d4921136bfbabf8da42b898a7a1f10be949
  md5: 470d16b28d90ad4368df1aa5bc7ec18d
  depends:
  - __glibc >=2.17,<3.0.a0
  - libgcc 16.1.0 ha9f2e26_3
  constrains:
  - libstdcxx-ng ==16.1.0=*_3
  license: GPL-3.0-only WITH GCC-exception-3.1
  run_exports: {}
  size: 6626421
  timestamp: 1787329526353
- conda: https://conda.anaconda.org/conda-forge/linux-64/libuv-1.52.1-h280c20c_1.conda
  sha256: 67761d0206f84140047a367eaf9befe03a7e157a29ee25aee0047b40801cc6b6
  md5: 01c4ed87826af55996768af6dbc936b4
  depends:
  - libgcc >=14
  - __glibc >=2.17,<3.0.a0
  license: MIT
  license_family: MIT
  run_exports:
    weak:
    - libuv >=1.52.1,<2.0a0
  size: 420040
  timestamp: 1785914567661
- conda: https://conda.anaconda.org/conda-forge/linux-64/libzlib-1.3.2-h25fd6f3_3.conda
  sha256: eb8a0db0aa570124f7d2a93d7c7f596e3390df5e047818d873baad32985fc736
  md5: 0de0122d9570a8ab637c6b73db268389
  depends:
  - __glibc >=2.17,<3.0.a0
  constrains:
  - zlib 1.3.2 *_3
  license: Zlib
  license_family: Other
  run_exports:
    weak:
    - libzlib >=1.3.2,<2.0a0
  size: 63713
  timestamp: 1785362952714
- conda: https://conda.anaconda.org/conda-forge/linux-64/nodejs-26.6.0-hc039f44_0.conda
  sha256: 049788cee5e10fe13846f806d8ae854642414aeb06018ad268ce9959b529be77
  md5: c99a655b4c729eef64e63140962b8cc9
  depends:
  - __glibc >=2.28,<3.0.a0
  - libstdcxx >=14
  - libgcc >=14
  - libuv >=1.52.1,<2.0a0
  - libabseil >=20260526.0,<20260527.0a0
  - libabseil * cxx17*
  - zstd >=1.5.7,<1.6.0a0
  - libsqlite >=3.53.4,<4.0a0
  - icu >=78.3,<79.0a0
  - openssl >=3.5.7,<4.0a0
  - libnghttp2 >=1.68.1,<2.0a0
  - libzlib >=1.3.2,<2.0a0
  - libbrotlicommon >=1.2.0,<1.3.0a0
  - libbrotlienc >=1.2.0,<1.3.0a0
  - libbrotlidec >=1.2.0,<1.3.0a0
  - c-ares >=1.34.8,<2.0a0
  license: MIT
  license_family: MIT
  run_exports:
    weak:
    - nodejs >=26.6.0,<27.0a0
  size: 20013853
  timestamp: 1785852655297
- conda: https://conda.anaconda.org/conda-forge/linux-64/openssl-3.6.3-h35e630c_1.conda
  sha256: 012096056b97abf1f68c46b7146bd2cbd68c1be762340b4f5dad4fbbe99177bc
  md5: c5955c27917ff2234def47f075e71e02
  depends:
  - __glibc >=2.17,<3.0.a0
  - ca-certificates
  - libgcc >=14
  license: Apache-2.0
  license_family: Apache
  run_exports:
    weak:
    - openssl >=3.6.3,<4.0a0
  size: 3182423
  timestamp: 1785913583650
- conda: https://conda.anaconda.org/conda-forge/linux-64/zstd-1.5.7-hb78ec9c_7.conda
  sha256: 47d682b9f6d6ec9eb1a6e6c3e75ea6273e899e78fb7fc59f81d39745009fbc60
  md5: aa459086047c0e5e27023ab19f8cb86a
  depends:
  - __glibc >=2.17,<3.0.a0
  - libzlib >=1.3.2,<2.0a0
  license: BSD-3-Clause
  license_family: BSD
  run_exports:
    weak:
    - zstd >=1.5.7,<1.6.0a0
  size: 601301
  timestamp: 1786599621503
- conda: https://conda.anaconda.org/conda-forge/linux-aarch64/_openmp_mutex-4.5-20_gnu.conda
  build_number: 20
  sha256: a2527b1d81792a0ccd2c05850960df119c2b6d8f5fdec97f2db7d25dc23b1068
  md5: 468fd3bb9e1f671d36c2cbc677e56f1d
  depends:
  - libgomp >=7.5.0
  constrains:
  - openmp_impl <0.0a0
  license: BSD-3-Clause
  license_family: BSD
  run_exports:
    strong:
    - _openmp_mutex >=4.5
  size: 28926
  timestamp: 1770939656741
- conda: https://conda.anaconda.org/conda-forge/linux-aarch64/c-ares-1.34.8-h29ee22c_2.conda
  sha256: 3838d10a78c206a1a4ec7ff041880b4f9b8ecde3520c911daae9e06baeb8858e
  md5: eb80eb38625b8552a099aa88f8ba5db7
  depends:
  - libgcc >=15
  license: MIT
  license_family: MIT
  run_exports:
    weak:
    - c-ares >=1.34.8,<2.0a0
  size: 241210
  timestamp: 1787169968125
- conda: https://conda.anaconda.org/conda-forge/linux-aarch64/icu-78.3-py311h3512406_2.conda
  sha256: 54d921defd947adb58a90e10203d3bfe6c1f209f5f1a1ad2c6a9f7617f2fb59e
  md5: b35bbb1b957440ed742f35fb96eb7f1c
  depends:
  - libgcc >=14
  - libstdcxx >=14
  license: MIT
  license_family: MIT
  run_exports:
    weak:
    - icu >=78.3,<79.0a0
  size: 14688525
  timestamp: 1786545779464
- conda: https://conda.anaconda.org/conda-forge/linux-aarch64/libabseil-20260526.0-cxx17_hc5e897d_2.conda
  sha256: 2f21286b1c8c978c629cf2fd18c6715f15c5c57fa6d9283587b8f66290bfbfc3
  md5: 46a7ae7c040e95909dd43808414747fb
  depends:
  - libgcc >=14
  - libstdcxx >=14
  constrains:
  - abseil-cpp =20260526.0
  - libabseil-static =20260526.0=cxx17*
  license: Apache-2.0
  license_family: Apache
  run_exports:
    weak:
    - libabseil >=20260526.0,<20260527.0a0
    - libabseil =*=cxx17*
  size: 1460594
  timestamp: 1787216970549
- conda: https://conda.anaconda.org/conda-forge/linux-aarch64/libbrotlicommon-1.2.0-h384ecca_3.conda
  sha256: e81f38af3387620c4afb3769e668ecfb5bf9426bd9fd9db8a70d071ca4477b1f
  md5: d0d4029ed32776dce412334e0f1c6160
  depends:
  - libgcc >=15
  license: MIT
  license_family: MIT
  run_exports:
    weak:
    - libbrotlicommon >=1.2.0,<1.3.0a0
  size: 80692
  timestamp: 1786622718545
- conda: https://conda.anaconda.org/conda-forge/linux-aarch64/libbrotlidec-1.2.0-h011f0d3_3.conda
  sha256: a2e41f51d4f05bd96b1148c35882a880e85f2b316f238a32d657d908b928aae6
  md5: 8c25aeafcbf1629c1e39ee7c03e77c93
  depends:
  - libbrotlicommon 1.2.0 h384ecca_3
  - libgcc >=15
  license: MIT
  license_family: MIT
  run_exports:
    weak:
    - libbrotlidec >=1.2.0,<1.3.0a0
  size: 33949
  timestamp: 1786622726640
- conda: https://conda.anaconda.org/conda-forge/linux-aarch64/libbrotlienc-1.2.0-hb247b97_3.conda
  sha256: 4173e5c4d42bf08a9fc751914122acb87f6a565563cc11e8e896f2fa0dcd2ce9
  md5: 35f63f9c1202a85c121dbe40657612af
  depends:
  - libbrotlicommon 1.2.0 h384ecca_3
  - libgcc >=15
  license: MIT
  license_family: MIT
  run_exports:
    weak:
    - libbrotlienc >=1.2.0,<1.3.0a0
  size: 348164
  timestamp: 1786622734798
- conda: https://conda.anaconda.org/conda-forge/linux-aarch64/libev-4.33-h80f16a2_3.conda
  sha256: 4475f79a020e9ff2a5a0308c48cb2970a25d55c3dd724a97ab28bfac3be6cd49
  md5: f679b30a53d410d0b5ae0cb8f5b7397e
  depends:
  - libgcc >=14
  license: BSD-2-Clause OR GPL-2.0-or-later
  license_family: GPL
  run_exports:
    weak:
    - libev >=4.33,<4.34.0a0
  size: 45746
  timestamp: 1785917328690
- conda: https://conda.anaconda.org/conda-forge/linux-aarch64/libgcc-16.1.0-h205dda4_3.conda
  sha256: ad3e68e37bf667dc651431fc66fe63624befeb6a418efe33d867a5bdd541ed77
  md5: 3a001a2a07adb1ff35344c8f0749fe32
  depends:
  - _openmp_mutex >=4.5
  constrains:
  - libgcc-ng ==16.1.0=*_3
  - libgomp 16.1.0 h8acb6b2_3
  license: GPL-3.0-only WITH GCC-exception-3.1
  run_exports: {}
  size: 627715
  timestamp: 1787329377564
- conda: https://conda.anaconda.org/conda-forge/linux-aarch64/libgomp-16.1.0-h8acb6b2_3.conda
  sha256: bda451d8c75b086d24c5b9c3f69c2f8d2432df0b6d5a1a42654d82e18b4be078
  md5: 125a83ce4446132c8a34c0542c723b97
  license: GPL-3.0-only WITH GCC-exception-3.1
  run_exports:
    strong:
    - _openmp_mutex >=4.5
  size: 617657
  timestamp: 1787329311974
- conda: https://conda.anaconda.org/conda-forge/linux-aarch64/libnghttp2-1.68.1-ha4b982d_1.conda
  sha256: 0c28d734512fa2c66a232b2f3968eae7124dbd6ad42c594c752f1d08dfb86195
  md5: ff4b2b7c169c438bf648fb14f369c3b9
  depends:
  - c-ares >=1.34.8,<2.0a0
  - libev >=4.33,<4.34.0a0
  - libev >=4.33,<5.0a0
  - libgcc >=15
  - libstdcxx >=15
  - libzlib >=1.3.2,<2.0a0
  - openssl >=3.5.7,<4.0a0
  license: MIT
  license_family: MIT
  run_exports:
    weak:
    - libnghttp2 >=1.68.1,<2.0a0
  size: 734829
  timestamp: 1787177407983
- conda: https://conda.anaconda.org/conda-forge/linux-aarch64/libsqlite-3.53.4-h399dd60_1.conda
  sha256: fae75e68e9dbc3c90dcf93d4bae6315f1330c95aaf1404a721e8468266c23475
  md5: 27e16aa1f45c787aa181549be6f209f4
  depends:
  - icu >=78.3,<79.0a0
  - libgcc >=15
  - libzlib >=1.3.2,<2.0a0
  license: blessing
  run_exports:
    weak:
    - libsqlite >=3.53.4,<4.0a0
  size: 972932
  timestamp: 1787051100646
- conda: https://conda.anaconda.org/conda-forge/linux-aarch64/libstdcxx-16.1.0-hef695bb_3.conda
  sha256: f54d8084dcb9f964a9a802114120fdba21b47efb472e495025621b8c529cea8b
  md5: 6bf7491911c80f4bb8dc1ce0106407b2
  depends:
  - libgcc 16.1.0 h205dda4_3
  constrains:
  - libstdcxx-ng ==16.1.0=*_3
  license: GPL-3.0-only WITH GCC-exception-3.1
  run_exports: {}
  size: 6257391
  timestamp: 1787329395590
- conda: https://conda.anaconda.org/conda-forge/linux-aarch64/libuv-1.52.1-h80f16a2_1.conda
  sha256: 52f4bc6e340bde53bfe38e45f6cb1080a2d5f8891da9a647087f7cc6a6edfc22
  md5: 8e2136432f02841b9d8b848045f66d7d
  depends:
  - libgcc >=14
  license: MIT
  license_family: MIT
  run_exports:
    weak:
    - libuv >=1.52.1,<2.0a0
  size: 457209
  timestamp: 1785914582944
- conda: https://conda.anaconda.org/conda-forge/linux-aarch64/libzlib-1.3.2-hdc9db2a_3.conda
  sha256: 76efa6cc9d7e6f5ee3bbca0939f64054af2bdfb3c3632531f8e633cf6c2ea41e
  md5: bd534c2fbe56d8c2ea3b2d8f5e12bca8
  constrains:
  - zlib 1.3.2 *_3
  license: Zlib
  license_family: Other
  run_exports:
    weak:
    - libzlib >=1.3.2,<2.0a0
  size: 70108
  timestamp: 1785276540870
- conda: https://conda.anaconda.org/conda-forge/linux-aarch64/nodejs-26.6.0-hb82d7cf_0.conda
  sha256: 506e646704854c02d36fd636d668a449587812d3bc58bee7df407098a692aa0c
  md5: fa1cead58cb604f4cdb30b096d4b8a95
  depends:
  - libgcc >=14
  - __glibc >=2.28,<3.0.a0
  - libstdcxx >=14
  - libabseil >=20260526.0,<20260527.0a0
  - libabseil * cxx17*
  - icu >=78.3,<79.0a0
  - c-ares >=1.34.8,<2.0a0
  - libuv >=1.52.1,<2.0a0
  - zstd >=1.5.7,<1.6.0a0
  - openssl >=3.5.7,<4.0a0
  - libbrotlicommon >=1.2.0,<1.3.0a0
  - libbrotlienc >=1.2.0,<1.3.0a0
  - libbrotlidec >=1.2.0,<1.3.0a0
  - libnghttp2 >=1.68.1,<2.0a0
  - libzlib >=1.3.2,<2.0a0
  - libsqlite >=3.53.4,<4.0a0
  license: MIT
  license_family: MIT
  run_exports:
    weak:
    - nodejs >=26.6.0,<27.0a0
  size: 26148257
  timestamp: 1785852711704
- conda: https://conda.anaconda.org/conda-forge/linux-aarch64/openssl-3.6.3-h546c87b_1.conda
  sha256: c89e748e8a008e8ca6f25e102362f33319db0c98cc29d98ddada92842f636327
  md5: 1600dfde78c5adba306f8571af62a323
  depends:
  - ca-certificates
  - libgcc >=14
  license: Apache-2.0
  license_family: Apache
  run_exports:
    weak:
    - openssl >=3.6.3,<4.0a0
  size: 3719270
  timestamp: 1785913554920
- conda: https://conda.anaconda.org/conda-forge/linux-aarch64/zstd-1.5.7-h9d15635_7.conda
  sha256: 427fd14bcb3b8659796fecc682716617409350fb5a98e5b7b47558a10d1a2fc7
  md5: d942e34ac3920ba83f8b2d0169570187
  depends:
  - libzlib >=1.3.2,<2.0a0
  license: BSD-3-Clause
  license_family: BSD
  run_exports:
    weak:
    - zstd >=1.5.7,<1.6.0a0
  size: 615477
  timestamp: 1786599613561
- conda: https://conda.anaconda.org/conda-forge/noarch/ca-certificates-2026.7.22-hbd8a1cb_0.conda
  sha256: 0a0544cf95f64394fe4959286f5c71f5444ad58feb0602e53becb27448d24da6
  md5: 0f51e2391ade309db462a55611263e9c
  depends:
  - __unix
  license: ISC
  run_exports: {}
  size: 131780
  timestamp: 1784754889428
- conda: https://conda.anaconda.org/conda-forge/win-64/nodejs-26.6.0-h80d1838_0.conda
  sha256: 8209fff36e34d2dc47ab37f879cb596059b3e6d58307fccefe7b9d79935492f3
  md5: a375968cb2cf4a5b745c875b26d40b05
  license: MIT
  license_family: MIT
  run_exports:
    weak:
    - nodejs >=26.6.0,<27.0a0
  size: 34057372
  timestamp: 1785852767251
- conda: https://prefix.dev/glatzel/noarch/fonts-cascadia-mono-woff2-3.5.1-h4616a5c_0.conda
  sha256: aafb9e1a93d99758e126762b03e3901ef479105f36182efde251313d52b0b2ef
  md5: 9c40a53043766a19c5c7bc88aa226306
  run_exports: {}
  size: 39161458
  timestamp: 1787352009184
