version: 6
environments:
  default:
    channels:
    - url: https://conda.anaconda.org/conda-forge/
    options:
      pypi-prerelease-mode: if-necessary-or-explicit
    packages:
      linux-64:
      - conda: https://conda.anaconda.org/conda-forge/linux-64/_openmp_mutex-4.5-20_gnu.conda
      - conda: https://conda.anaconda.org/conda-forge/linux-64/freeglut-3.2.2-ha6d2627_3.conda
      - conda: https://conda.anaconda.org/conda-forge/linux-64/jasper-4.2.9-h1588d4d_1.conda
      - conda: https://conda.anaconda.org/conda-forge/linux-64/lcms2-2.18-h0c24ade_0.conda
      - conda: https://conda.anaconda.org/conda-forge/linux-64/lerc-4.1.0-hdb68285_0.conda
      - conda: https://conda.anaconda.org/conda-forge/linux-64/libdeflate-1.25-h17f619e_0.conda
      - conda: https://conda.anaconda.org/conda-forge/linux-64/libexpat-2.7.4-hecca717_0.conda
      - conda: https://conda.anaconda.org/conda-forge/linux-64/libgcc-15.2.0-he0feb66_18.conda
      - conda: https://conda.anaconda.org/conda-forge/linux-64/libgcc-ng-15.2.0-h69a702a_18.conda
      - conda: https://conda.anaconda.org/conda-forge/linux-64/libgl-1.7.0-ha4b6fd6_2.conda
      - conda: https://conda.anaconda.org/conda-forge/linux-64/libglu-9.0.3-h5888daf_1.conda
      - conda: https://conda.anaconda.org/conda-forge/linux-64/libglvnd-1.7.0-ha4b6fd6_2.conda
      - conda: https://conda.anaconda.org/conda-forge/linux-64/libglx-1.7.0-ha4b6fd6_2.conda
      - conda: https://conda.anaconda.org/conda-forge/linux-64/libgomp-15.2.0-he0feb66_18.conda
      - conda: https://conda.anaconda.org/conda-forge/linux-64/libjpeg-turbo-3.1.2-hb03c661_0.conda
      - conda: https://conda.anaconda.org/conda-forge/linux-64/liblzma-5.8.2-hb03c661_0.conda
      - conda: https://conda.anaconda.org/conda-forge/linux-64/libopengl-1.7.0-ha4b6fd6_2.conda
      - conda: https://conda.anaconda.org/conda-forge/linux-64/libraw-0.21.5-h074291d_0.conda
      - conda: https://conda.anaconda.org/conda-forge/linux-64/libstdcxx-15.2.0-h934c35e_18.conda
      - conda: https://conda.anaconda.org/conda-forge/linux-64/libstdcxx-ng-15.2.0-hdf11a46_18.conda
      - conda: https://conda.anaconda.org/conda-forge/linux-64/libtiff-4.7.1-h9d88235_1.conda
      - conda: https://conda.anaconda.org/conda-forge/linux-64/libwebp-base-1.6.0-hd42ef1d_0.conda
      - conda: https://conda.anaconda.org/conda-forge/linux-64/libxcb-1.17.0-h8a09558_0.conda
      - conda: https://conda.anaconda.org/conda-forge/linux-64/libzlib-1.3.2-h25fd6f3_2.conda
      - conda: https://conda.anaconda.org/conda-forge/linux-64/pthread-stubs-0.4-hb9d3cd8_1002.conda
      - conda: https://conda.anaconda.org/conda-forge/linux-64/xorg-libx11-1.8.13-he1eb515_0.conda
      - conda: https://conda.anaconda.org/conda-forge/linux-64/xorg-libxau-1.0.12-hb03c661_1.conda
      - conda: https://conda.anaconda.org/conda-forge/linux-64/xorg-libxdmcp-1.1.5-hb03c661_1.conda
      - conda: https://conda.anaconda.org/conda-forge/linux-64/xorg-libxext-1.3.7-hb03c661_0.conda
      - conda: https://conda.anaconda.org/conda-forge/linux-64/xorg-libxfixes-6.0.2-hb03c661_0.conda
      - conda: https://conda.anaconda.org/conda-forge/linux-64/xorg-libxi-1.8.2-hb9d3cd8_0.conda
      - conda: https://conda.anaconda.org/conda-forge/linux-64/zstd-1.5.7-hb78ec9c_6.conda
      win-64:
      - conda: https://conda.anaconda.org/conda-forge/win-64/freeglut-3.2.2-he0c23c2_3.conda
      - conda: https://conda.anaconda.org/conda-forge/win-64/jasper-4.2.9-h8ad263b_1.conda
      - conda: https://conda.anaconda.org/conda-forge/win-64/lcms2-2.18-hf2c6c5f_0.conda
      - conda: https://conda.anaconda.org/conda-forge/win-64/lerc-4.1.0-hd936e49_0.conda
      - conda: https://conda.anaconda.org/conda-forge/win-64/libdeflate-1.25-h51727cc_0.conda
      - conda: https://conda.anaconda.org/conda-forge/win-64/libjpeg-turbo-3.1.2-hfd05255_0.conda
      - conda: https://conda.anaconda.org/conda-forge/win-64/liblzma-5.8.2-hfd05255_0.conda
      - conda: https://conda.anaconda.org/conda-forge/win-64/libraw-0.21.5-h345c428_0.conda
      - conda: https://conda.anaconda.org/conda-forge/win-64/libtiff-4.7.1-h8f73337_1.conda
      - conda: https://conda.anaconda.org/conda-forge/win-64/libzlib-1.3.2-hfd05255_2.conda
      - conda: https://conda.anaconda.org/conda-forge/win-64/ucrt-10.0.26100.0-h57928b3_0.conda
      - conda: https://conda.anaconda.org/conda-forge/win-64/vc-14.3-h41ae7f8_34.conda
      - conda: https://conda.anaconda.org/conda-forge/win-64/vc14_runtime-14.44.35208-h818238b_34.conda
      - conda: https://conda.anaconda.org/conda-forge/win-64/vcomp14-14.44.35208-h818238b_34.conda
      - conda: https://conda.anaconda.org/conda-forge/win-64/zstd-1.5.7-h534d264_6.conda
packages:
- conda: https://conda.anaconda.org/conda-forge/linux-64/_openmp_mutex-4.5-20_gnu.conda
  build_number: 20
  sha256: 1dd3fffd892081df9726d7eb7e0dea6198962ba775bd88842135a4ddb4deb3c9
  md5: a9f577daf3de00bca7c3c76c0ecbd1de
  depends:
  - __glibc >=2.17,<3.0.a0
  - libgomp >=7.5.0
  constrains:
  - openmp_impl <0.0a0
  license: BSD-3-Clause
  license_family: BSD
  size: 28948
  timestamp: 1770939786096
- conda: https://conda.anaconda.org/conda-forge/linux-64/freeglut-3.2.2-ha6d2627_3.conda
  sha256: 676540a8e7f73a894cb1fcb870e7bec623ec1c0a2d277094fd713261a02d8d56
  md5: 84ec3f5b46f3076be49f2cf3f1cfbf02
  depends:
  - libgcc-ng >=12
  - libstdcxx-ng >=12
  - libxcb >=1.16,<2.0.0a0
  - xorg-libx11 >=1.8.9,<2.0a0
  - xorg-libxau >=1.0.11,<2.0a0
  - xorg-libxext >=1.3.4,<2.0a0
  - xorg-libxfixes
  - xorg-libxi
  license: MIT
  license_family: MIT
  size: 144010
  timestamp: 1719014356708
- conda: https://conda.anaconda.org/conda-forge/win-64/freeglut-3.2.2-he0c23c2_3.conda
  sha256: 8b41913ed6c8c0dadda463a649bc16f45e88faa58553efc6830f4de1138c97f2
  md5: 5872031ef7cba8435ff24af056777473
  depends:
  - ucrt >=10.0.20348.0
  - vc >=14.2,<15
  - vc14_runtime >=14.29.30139
  license: MIT
  license_family: MIT
  size: 111956
  timestamp: 1719014753462
- conda: https://conda.anaconda.org/conda-forge/linux-64/jasper-4.2.9-h1588d4d_1.conda
  sha256: a6a9858eadb4c794b56a1c954c1d4f4b57d96c9fb87092dd46f5bff9b0697b35
  md5: 115ecf05370670f93bc81a8c4f7fd57f
  depends:
  - __glibc >=2.17,<3.0.a0
  - freeglut >=3.2.2,<4.0a0
  - libexpat >=2.7.4,<3.0a0
  - libgcc >=14
  - libgl >=1.7.0,<2.0a0
  - libglu >=9.0.3,<10.0a0
  - libglu >=9.0.3,<9.1.0a0
  - libjpeg-turbo >=3.1.2,<4.0a0
  license: JasPer-2.0
  size: 684185
  timestamp: 1773677703432
- conda: https://conda.anaconda.org/conda-forge/win-64/jasper-4.2.9-h8ad263b_1.conda
  sha256: aed571899460d314013fff76c6c1bb8e908788667f382f319e0daf920b85d103
  md5: c975e3f46230e47c7cab2d58c46f1f30
  depends:
  - freeglut >=3.2.2,<4.0a0
  - libjpeg-turbo >=3.1.2,<4.0a0
  - ucrt >=10.0.20348.0
  - vc >=14.3,<15
  - vc14_runtime >=14.44.35208
  license: JasPer-2.0
  size: 447034
  timestamp: 1773677819715
- conda: https://conda.anaconda.org/conda-forge/linux-64/lcms2-2.18-h0c24ade_0.conda
  sha256: 836ec4b895352110335b9fdcfa83a8dcdbe6c5fb7c06c4929130600caea91c0a
  md5: 6f2e2c8f58160147c4d1c6f4c14cbac4
  depends:
  - __glibc >=2.17,<3.0.a0
  - libgcc >=14
  - libjpeg-turbo >=3.1.2,<4.0a0
  - libtiff >=4.7.1,<4.8.0a0
  license: MIT
  license_family: MIT
  size: 249959
  timestamp: 1768184673131
- conda: https://conda.anaconda.org/conda-forge/win-64/lcms2-2.18-hf2c6c5f_0.conda
  sha256: 7eeb18c5c86db146b62da66d9e8b0e753a52987f9134a494309588bbeceddf28
  md5: b6c68d6b829b044cd17a41e0a8a23ca1
  depends:
  - libjpeg-turbo >=3.1.2,<4.0a0
  - libtiff >=4.7.1,<4.8.0a0
  - ucrt >=10.0.20348.0
  - vc >=14.3,<15
  - vc14_runtime >=14.44.35208
  license: MIT
  license_family: MIT
  size: 522238
  timestamp: 1768184858107
- conda: https://conda.anaconda.org/conda-forge/linux-64/lerc-4.1.0-hdb68285_0.conda
  sha256: f84cb54782f7e9cea95e810ea8fef186e0652d0fa73d3009914fa2c1262594e1
  md5: a752488c68f2e7c456bcbd8f16eec275
  depends:
  - __glibc >=2.17,<3.0.a0
  - libgcc >=14
  - libstdcxx >=14
  license: Apache-2.0
  license_family: Apache
  size: 261513
  timestamp: 1773113328888
- conda: https://conda.anaconda.org/conda-forge/win-64/lerc-4.1.0-hd936e49_0.conda
  sha256: 45df58fca800b552b17c3914cc9ab0d55a82c5172d72b5c44a59c710c06c5473
  md5: 54b231d595bc1ff9bff668dd443ee012
  depends:
  - ucrt >=10.0.20348.0
  - vc >=14.3,<15
  - vc14_runtime >=14.44.35208
  license: Apache-2.0
  license_family: Apache
  size: 172395
  timestamp: 1773113455582
- conda: https://conda.anaconda.org/conda-forge/linux-64/libdeflate-1.25-h17f619e_0.conda
  sha256: aa8e8c4be9a2e81610ddf574e05b64ee131fab5e0e3693210c9d6d2fba32c680
  md5: 6c77a605a7a689d17d4819c0f8ac9a00
  depends:
  - __glibc >=2.17,<3.0.a0
  - libgcc >=14
  license: MIT
  license_family: MIT
  size: 73490
  timestamp: 1761979956660
- conda: https://conda.anaconda.org/conda-forge/win-64/libdeflate-1.25-h51727cc_0.conda
  sha256: 834e4881a18b690d5ec36f44852facd38e13afe599e369be62d29bd675f107ee
  md5: e77030e67343e28b084fabd7db0ce43e
  depends:
  - ucrt >=10.0.20348.0
  - vc >=14.3,<15
  - vc14_runtime >=14.44.35208
  license: MIT
  license_family: MIT
  size: 156818
  timestamp: 1761979842440
- conda: https://conda.anaconda.org/conda-forge/linux-64/libexpat-2.7.4-hecca717_0.conda
  sha256: d78f1d3bea8c031d2f032b760f36676d87929b18146351c4464c66b0869df3f5
  md5: e7f7ce06ec24cfcfb9e36d28cf82ba57
  depends:
  - __glibc >=2.17,<3.0.a0
  - libgcc >=14
  constrains:
  - expat 2.7.4.*
  license: MIT
  license_family: MIT
  size: 76798
  timestamp: 1771259418166
- conda: https://conda.anaconda.org/conda-forge/linux-64/libgcc-15.2.0-he0feb66_18.conda
  sha256: faf7d2017b4d718951e3a59d081eb09759152f93038479b768e3d612688f83f5
  md5: 0aa00f03f9e39fb9876085dee11a85d4
  depends:
  - __glibc >=2.17,<3.0.a0
  - _openmp_mutex >=4.5
  constrains:
  - libgcc-ng ==15.2.0=*_18
  - libgomp 15.2.0 he0feb66_18
  license: GPL-3.0-only WITH GCC-exception-3.1
  license_family: GPL
  size: 1041788
  timestamp: 1771378212382
- conda: https://conda.anaconda.org/conda-forge/linux-64/libgcc-ng-15.2.0-h69a702a_18.conda
  sha256: e318a711400f536c81123e753d4c797a821021fb38970cebfb3f454126016893
  md5: d5e96b1ed75ca01906b3d2469b4ce493
  depends:
  - libgcc 15.2.0 he0feb66_18
  license: GPL-3.0-only WITH GCC-exception-3.1
  license_family: GPL
  size: 27526
  timestamp: 1771378224552
- conda: https://conda.anaconda.org/conda-forge/linux-64/libgl-1.7.0-ha4b6fd6_2.conda
  sha256: dc2752241fa3d9e40ce552c1942d0a4b5eeb93740c9723873f6fcf8d39ef8d2d
  md5: 928b8be80851f5d8ffb016f9c81dae7a
  depends:
  - __glibc >=2.17,<3.0.a0
  - libglvnd 1.7.0 ha4b6fd6_2
  - libglx 1.7.0 ha4b6fd6_2
  license: LicenseRef-libglvnd
  size: 134712
  timestamp: 1731330998354
- conda: https://conda.anaconda.org/conda-forge/linux-64/libglu-9.0.3-h5888daf_1.conda
  sha256: a0105eb88f76073bbb30169312e797ed5449ebb4e964a756104d6e54633d17ef
  md5: 8422fcc9e5e172c91e99aef703b3ce65
  depends:
  - __glibc >=2.17,<3.0.a0
  - libgcc >=13
  - libopengl >=1.7.0,<2.0a0
  - libstdcxx >=13
  license: SGI-B-2.0
  size: 325262
  timestamp: 1748692137626
- conda: https://conda.anaconda.org/conda-forge/linux-64/libglvnd-1.7.0-ha4b6fd6_2.conda
  sha256: 1175f8a7a0c68b7f81962699751bb6574e6f07db4c9f72825f978e3016f46850
  md5: 434ca7e50e40f4918ab701e3facd59a0
  depends:
  - __glibc >=2.17,<3.0.a0
  license: LicenseRef-libglvnd
  size: 132463
  timestamp: 1731330968309
- conda: https://conda.anaconda.org/conda-forge/linux-64/libglx-1.7.0-ha4b6fd6_2.conda
  sha256: 2d35a679624a93ce5b3e9dd301fff92343db609b79f0363e6d0ceb3a6478bfa7
  md5: c8013e438185f33b13814c5c488acd5c
  depends:
  - __glibc >=2.17,<3.0.a0
  - libglvnd 1.7.0 ha4b6fd6_2
  - xorg-libx11 >=1.8.10,<2.0a0
  license: LicenseRef-libglvnd
  size: 75504
  timestamp: 1731330988898
- conda: https://conda.anaconda.org/conda-forge/linux-64/libgomp-15.2.0-he0feb66_18.conda
  sha256: 21337ab58e5e0649d869ab168d4e609b033509de22521de1bfed0c031bfc5110
  md5: 239c5e9546c38a1e884d69effcf4c882
  depends:
  - __glibc >=2.17,<3.0.a0
  license: GPL-3.0-only WITH GCC-exception-3.1
  license_family: GPL
  size: 603262
  timestamp: 1771378117851
- conda: https://conda.anaconda.org/conda-forge/linux-64/libjpeg-turbo-3.1.2-hb03c661_0.conda
  sha256: cc9aba923eea0af8e30e0f94f2ad7156e2984d80d1e8e7fe6be5a1f257f0eb32
  md5: 8397539e3a0bbd1695584fb4f927485a
  depends:
  - __glibc >=2.17,<3.0.a0
  - libgcc >=14
  constrains:
  - jpeg <0.0.0a
  license: IJG AND BSD-3-Clause AND Zlib
  size: 633710
  timestamp: 1762094827865
- conda: https://conda.anaconda.org/conda-forge/win-64/libjpeg-turbo-3.1.2-hfd05255_0.conda
  sha256: 795e2d4feb2f7fc4a2c6e921871575feb32b8082b5760726791f080d1e2c2597
  md5: 56a686f92ac0273c0f6af58858a3f013
  depends:
  - ucrt >=10.0.20348.0
  - vc >=14.3,<15
  - vc14_runtime >=14.44.35208
  constrains:
  - jpeg <0.0.0a
  license: IJG AND BSD-3-Clause AND Zlib
  size: 841783
  timestamp: 1762094814336
- conda: https://conda.anaconda.org/conda-forge/linux-64/liblzma-5.8.2-hb03c661_0.conda
  sha256: 755c55ebab181d678c12e49cced893598f2bab22d582fbbf4d8b83c18be207eb
  md5: c7c83eecbb72d88b940c249af56c8b17
  depends:
  - __glibc >=2.17,<3.0.a0
  - libgcc >=14
  constrains:
  - xz 5.8.2.*
  license: 0BSD
  size: 113207
  timestamp: 1768752626120
- conda: https://conda.anaconda.org/conda-forge/win-64/liblzma-5.8.2-hfd05255_0.conda
  sha256: f25bf293f550c8ed2e0c7145eb404324611cfccff37660869d97abf526eb957c
  md5: ba0bfd4c3cf73f299ffe46ff0eaeb8e3
  depends:
  - ucrt >=10.0.20348.0
  - vc >=14.3,<15
  - vc14_runtime >=14.44.35208
  constrains:
  - xz 5.8.2.*
  license: 0BSD
  size: 106169
  timestamp: 1768752763559
- conda: https://conda.anaconda.org/conda-forge/linux-64/libopengl-1.7.0-ha4b6fd6_2.conda
  sha256: 215086c108d80349e96051ad14131b751d17af3ed2cb5a34edd62fa89bfe8ead
  md5: 7df50d44d4a14d6c31a2c54f2cd92157
  depends:
  - __glibc >=2.17,<3.0.a0
  - libglvnd 1.7.0 ha4b6fd6_2
  license: LicenseRef-libglvnd
  size: 50757
  timestamp: 1731330993524
- conda: https://conda.anaconda.org/conda-forge/linux-64/libraw-0.21.5-h074291d_0.conda
  sha256: 7b11ab45e471ba77eab1a21872be3dce8cc81edc2500cd782a6ff49816bce6d4
  md5: c307c91b10217c31fc9d8e18cd58dc64
  depends:
  - libgcc >=14
  - libstdcxx >=14
  - __glibc >=2.17,<3.0.a0
  - _openmp_mutex >=4.5
  - libjpeg-turbo >=3.1.2,<4.0a0
  - libzlib >=1.3.1,<2.0a0
  - lcms2 >=2.18,<3.0a0
  - jasper >=4.2.8,<5.0a0
  license: LGPL-2.1-only
  size: 705016
  timestamp: 1768379154800
- conda: https://conda.anaconda.org/conda-forge/win-64/libraw-0.21.5-h345c428_0.conda
  sha256: e8deadcca9dc9371e36778638bb3b3869dc79576a3d2ddfc40b5d92efbf49dbc
  md5: b2764534789b92698a0aa2d3f7b3e9e7
  depends:
  - vc >=14.3,<15
  - vc14_runtime >=14.44.35208
  - ucrt >=10.0.20348.0
  - libzlib >=1.3.1,<2.0a0
  - libjpeg-turbo >=3.1.2,<4.0a0
  - jasper >=4.2.8,<5.0a0
  - lcms2 >=2.18,<3.0a0
  license: LGPL-2.1-only
  size: 558269
  timestamp: 1768379172453
- conda: https://conda.anaconda.org/conda-forge/linux-64/libstdcxx-15.2.0-h934c35e_18.conda
  sha256: 78668020064fdaa27e9ab65cd2997e2c837b564ab26ce3bf0e58a2ce1a525c6e
  md5: 1b08cd684f34175e4514474793d44bcb
  depends:
  - __glibc >=2.17,<3.0.a0
  - libgcc 15.2.0 he0feb66_18
  constrains:
  - libstdcxx-ng ==15.2.0=*_18
  license: GPL-3.0-only WITH GCC-exception-3.1
  license_family: GPL
  size: 5852330
  timestamp: 1771378262446
- conda: https://conda.anaconda.org/conda-forge/linux-64/libstdcxx-ng-15.2.0-hdf11a46_18.conda
  sha256: 3c902ffd673cb3c6ddde624cdb80f870b6c835f8bf28384b0016e7d444dd0145
  md5: 6235adb93d064ecdf3d44faee6f468de
  depends:
  - libstdcxx 15.2.0 h934c35e_18
  license: GPL-3.0-only WITH GCC-exception-3.1
  license_family: GPL
  size: 27575
  timestamp: 1771378314494
- conda: https://conda.anaconda.org/conda-forge/linux-64/libtiff-4.7.1-h9d88235_1.conda
  sha256: e5f8c38625aa6d567809733ae04bb71c161a42e44a9fa8227abe61fa5c60ebe0
  md5: cd5a90476766d53e901500df9215e927
  depends:
  - __glibc >=2.17,<3.0.a0
  - lerc >=4.0.0,<5.0a0
  - libdeflate >=1.25,<1.26.0a0
  - libgcc >=14
  - libjpeg-turbo >=3.1.0,<4.0a0
  - liblzma >=5.8.1,<6.0a0
  - libstdcxx >=14
  - libwebp-base >=1.6.0,<2.0a0
  - libzlib >=1.3.1,<2.0a0
  - zstd >=1.5.7,<1.6.0a0
  license: HPND
  size: 435273
  timestamp: 1762022005702
- conda: https://conda.anaconda.org/conda-forge/win-64/libtiff-4.7.1-h8f73337_1.conda
  sha256: f1b8cccaaeea38a28b9cd496694b2e3d372bb5be0e9377c9e3d14b330d1cba8a
  md5: 549845d5133100142452812feb9ba2e8
  depends:
  - lerc >=4.0.0,<5.0a0
  - libdeflate >=1.25,<1.26.0a0
  - libjpeg-turbo >=3.1.0,<4.0a0
  - liblzma >=5.8.1,<6.0a0
  - libzlib >=1.3.1,<2.0a0
  - ucrt >=10.0.20348.0
  - vc >=14.3,<15
  - vc14_runtime >=14.44.35208
  - zstd >=1.5.7,<1.6.0a0
  license: HPND
  size: 993166
  timestamp: 1762022118895
- conda: https://conda.anaconda.org/conda-forge/linux-64/libwebp-base-1.6.0-hd42ef1d_0.conda
  sha256: 3aed21ab28eddffdaf7f804f49be7a7d701e8f0e46c856d801270b470820a37b
  md5: aea31d2e5b1091feca96fcfe945c3cf9
  depends:
  - __glibc >=2.17,<3.0.a0
  - libgcc >=14
  constrains:
  - libwebp 1.6.0
  license: BSD-3-Clause
  license_family: BSD
  size: 429011
  timestamp: 1752159441324
- conda: https://conda.anaconda.org/conda-forge/linux-64/libxcb-1.17.0-h8a09558_0.conda
  sha256: 666c0c431b23c6cec6e492840b176dde533d48b7e6fb8883f5071223433776aa
  md5: 92ed62436b625154323d40d5f2f11dd7
  depends:
  - __glibc >=2.17,<3.0.a0
  - libgcc >=13
  - pthread-stubs
  - xorg-libxau >=1.0.11,<2.0a0
  - xorg-libxdmcp
  license: MIT
  license_family: MIT
  size: 395888
  timestamp: 1727278577118
- conda: https://conda.anaconda.org/conda-forge/linux-64/libzlib-1.3.2-h25fd6f3_2.conda
  sha256: 55044c403570f0dc26e6364de4dc5368e5f3fc7ff103e867c487e2b5ab2bcda9
  md5: d87ff7921124eccd67248aa483c23fec
  depends:
  - __glibc >=2.17,<3.0.a0
  constrains:
  - zlib 1.3.2 *_2
  license: Zlib
  license_family: Other
  size: 63629
  timestamp: 1774072609062
- conda: https://conda.anaconda.org/conda-forge/win-64/libzlib-1.3.2-hfd05255_2.conda
  sha256: 88609816e0cc7452bac637aaf65783e5edf4fee8a9f8e22bdc3a75882c536061
  md5: dbabbd6234dea34040e631f87676292f
  depends:
  - ucrt >=10.0.20348.0
  - vc >=14.3,<15
  - vc14_runtime >=14.44.35208
  constrains:
  - zlib 1.3.2 *_2
  license: Zlib
  license_family: Other
  size: 58347
  timestamp: 1774072851498
- conda: https://conda.anaconda.org/conda-forge/linux-64/pthread-stubs-0.4-hb9d3cd8_1002.conda
  sha256: 9c88f8c64590e9567c6c80823f0328e58d3b1efb0e1c539c0315ceca764e0973
  md5: b3c17d95b5a10c6e64a21fa17573e70e
  depends:
  - __glibc >=2.17,<3.0.a0
  - libgcc >=13
  license: MIT
  license_family: MIT
  size: 8252
  timestamp: 1726802366959
- conda: https://conda.anaconda.org/conda-forge/win-64/ucrt-10.0.26100.0-h57928b3_0.conda
  sha256: 3005729dce6f3d3f5ec91dfc49fc75a0095f9cd23bab49efb899657297ac91a5
  md5: 71b24316859acd00bdb8b38f5e2ce328
  constrains:
  - vc14_runtime >=14.29.30037
  - vs2015_runtime >=14.29.30037
  license: LicenseRef-MicrosoftWindowsSDK10
  size: 694692
  timestamp: 1756385147981
- conda: https://conda.anaconda.org/conda-forge/win-64/vc-14.3-h41ae7f8_34.conda
  sha256: 9dc40c2610a6e6727d635c62cced5ef30b7b30123f5ef67d6139e23d21744b3a
  md5: 1e610f2416b6acdd231c5f573d754a0f
  depends:
  - vc14_runtime >=14.44.35208
  track_features:
  - vc14
  license: BSD-3-Clause
  license_family: BSD
  size: 19356
  timestamp: 1767320221521
- conda: https://conda.anaconda.org/conda-forge/win-64/vc14_runtime-14.44.35208-h818238b_34.conda
  sha256: 02732f953292cce179de9b633e74928037fa3741eb5ef91c3f8bae4f761d32a5
  md5: 37eb311485d2d8b2c419449582046a42
  depends:
  - ucrt >=10.0.20348.0
  - vcomp14 14.44.35208 h818238b_34
  constrains:
  - vs2015_runtime 14.44.35208.* *_34
  license: LicenseRef-MicrosoftVisualCpp2015-2022Runtime
  license_family: Proprietary
  size: 683233
  timestamp: 1767320219644
- conda: https://conda.anaconda.org/conda-forge/win-64/vcomp14-14.44.35208-h818238b_34.conda
  sha256: 878d5d10318b119bd98ed3ed874bd467acbe21996e1d81597a1dbf8030ea0ce6
  md5: 242d9f25d2ae60c76b38a5e42858e51d
  depends:
  - ucrt >=10.0.20348.0
  constrains:
  - vs2015_runtime 14.44.35208.* *_34
  license: LicenseRef-MicrosoftVisualCpp2015-2022Runtime
  license_family: Proprietary
  size: 115235
  timestamp: 1767320173250
- conda: https://conda.anaconda.org/conda-forge/linux-64/xorg-libx11-1.8.13-he1eb515_0.conda
  sha256: 516d4060139dbb4de49a4dcdc6317a9353fb39ebd47789c14e6fe52de0deee42
  md5: 861fb6ccbc677bb9a9fb2468430b9c6a
  depends:
  - __glibc >=2.17,<3.0.a0
  - libgcc >=14
  - libxcb >=1.17.0,<2.0a0
  license: MIT
  license_family: MIT
  size: 839652
  timestamp: 1770819209719
- conda: https://conda.anaconda.org/conda-forge/linux-64/xorg-libxau-1.0.12-hb03c661_1.conda
  sha256: 6bc6ab7a90a5d8ac94c7e300cc10beb0500eeba4b99822768ca2f2ef356f731b
  md5: b2895afaf55bf96a8c8282a2e47a5de0
  depends:
  - __glibc >=2.17,<3.0.a0
  - libgcc >=14
  license: MIT
  license_family: MIT
  size: 15321
  timestamp: 1762976464266
- conda: https://conda.anaconda.org/conda-forge/linux-64/xorg-libxdmcp-1.1.5-hb03c661_1.conda
  sha256: 25d255fb2eef929d21ff660a0c687d38a6d2ccfbcbf0cc6aa738b12af6e9d142
  md5: 1dafce8548e38671bea82e3f5c6ce22f
  depends:
  - __glibc >=2.17,<3.0.a0
  - libgcc >=14
  license: MIT
  license_family: MIT
  size: 20591
  timestamp: 1762976546182
- conda: https://conda.anaconda.org/conda-forge/linux-64/xorg-libxext-1.3.7-hb03c661_0.conda
  sha256: 79c60fc6acfd3d713d6340d3b4e296836a0f8c51602327b32794625826bd052f
  md5: 34e54f03dfea3e7a2dcf1453a85f1085
  depends:
  - __glibc >=2.17,<3.0.a0
  - libgcc >=14
  - xorg-libx11 >=1.8.12,<2.0a0
  license: MIT
  license_family: MIT
  size: 50326
  timestamp: 1769445253162
- conda: https://conda.anaconda.org/conda-forge/linux-64/xorg-libxfixes-6.0.2-hb03c661_0.conda
  sha256: 83c4c99d60b8784a611351220452a0a85b080668188dce5dfa394b723d7b64f4
  md5: ba231da7fccf9ea1e768caf5c7099b84
  depends:
  - __glibc >=2.17,<3.0.a0
  - libgcc >=14
  - xorg-libx11 >=1.8.12,<2.0a0
  license: MIT
  license_family: MIT
  size: 20071
  timestamp: 1759282564045
- conda: https://conda.anaconda.org/conda-forge/linux-64/xorg-libxi-1.8.2-hb9d3cd8_0.conda
  sha256: 1a724b47d98d7880f26da40e45f01728e7638e6ec69f35a3e11f92acd05f9e7a
  md5: 17dcc85db3c7886650b8908b183d6876
  depends:
  - __glibc >=2.17,<3.0.a0
  - libgcc >=13
  - xorg-libx11 >=1.8.10,<2.0a0
  - xorg-libxext >=1.3.6,<2.0a0
  - xorg-libxfixes >=6.0.1,<7.0a0
  license: MIT
  license_family: MIT
  size: 47179
  timestamp: 1727799254088
- conda: https://conda.anaconda.org/conda-forge/linux-64/zstd-1.5.7-hb78ec9c_6.conda
  sha256: 68f0206ca6e98fea941e5717cec780ed2873ffabc0e1ed34428c061e2c6268c7
  md5: 4a13eeac0b5c8e5b8ab496e6c4ddd829
  depends:
  - __glibc >=2.17,<3.0.a0
  - libzlib >=1.3.1,<2.0a0
  license: BSD-3-Clause
  license_family: BSD
  size: 601375
  timestamp: 1764777111296
- conda: https://conda.anaconda.org/conda-forge/win-64/zstd-1.5.7-h534d264_6.conda
  sha256: 368d8628424966fd8f9c8018326a9c779e06913dd39e646cf331226acc90e5b2
  md5: 053b84beec00b71ea8ff7a4f84b55207
  depends:
  - vc >=14.3,<15
  - vc14_runtime >=14.44.35208
  - ucrt >=10.0.20348.0
  - libzlib >=1.3.1,<2.0a0
  license: BSD-3-Clause
  license_family: BSD
  size: 388453
  timestamp: 1764777142545
