version: 7
platforms:
- name: linux-64
  virtual-packages:
  - __unix=0=0
  - __linux=4.18
  - __glibc=2.28
  - __archspec=0=x86_64
- name: win-64
  virtual-packages:
  - __win=10.0
  - __archspec=0=x86_64
environments:
  default:
    channels:
    - url: https://conda.anaconda.org/conda-forge/
    packages:
      linux-64:
      - conda: https://conda.anaconda.org/conda-forge/linux-64/_openmp_mutex-4.5-20_gnu.conda
      - conda: https://conda.anaconda.org/conda-forge/linux-64/freeglut-3.2.2-h215f996_4.conda
      - conda: https://conda.anaconda.org/conda-forge/linux-64/jasper-4.2.9-h1588d4d_1.conda
      - conda: https://conda.anaconda.org/conda-forge/linux-64/lcms2-2.19.1-h0c24ade_1.conda
      - conda: https://conda.anaconda.org/conda-forge/linux-64/lerc-4.2.0-hdb68285_0.conda
      - conda: https://conda.anaconda.org/conda-forge/linux-64/libdeflate-1.25-hd45a770_1.conda
      - conda: https://conda.anaconda.org/conda-forge/linux-64/libexpat-2.8.1-hecca717_1.conda
      - conda: https://conda.anaconda.org/conda-forge/linux-64/libgcc-16.1.0-ha9f2e26_3.conda
      - conda: https://conda.anaconda.org/conda-forge/linux-64/libgl-1.7.0-ha4b6fd6_5.conda
      - conda: https://conda.anaconda.org/conda-forge/linux-64/libglu-9.0.3-h5888daf_1.conda
      - conda: https://conda.anaconda.org/conda-forge/linux-64/libglvnd-1.7.0-ha4b6fd6_5.conda
      - conda: https://conda.anaconda.org/conda-forge/linux-64/libglx-1.7.0-ha4b6fd6_5.conda
      - conda: https://conda.anaconda.org/conda-forge/linux-64/libgomp-16.1.0-he0feb66_3.conda
      - conda: https://conda.anaconda.org/conda-forge/linux-64/libjpeg-turbo-3.2.0-hb03c661_1.conda
      - conda: https://conda.anaconda.org/conda-forge/linux-64/liblzma-5.8.3-hb03c661_1.conda
      - conda: https://conda.anaconda.org/conda-forge/linux-64/libopengl-1.7.0-ha4b6fd6_5.conda
      - conda: https://conda.anaconda.org/conda-forge/linux-64/libraw-0.22.1-h074291d_0.conda
      - conda: https://conda.anaconda.org/conda-forge/linux-64/libstdcxx-16.1.0-h934c35e_3.conda
      - conda: https://conda.anaconda.org/conda-forge/linux-64/libtiff-4.7.2-h9d88235_0.conda
      - conda: https://conda.anaconda.org/conda-forge/linux-64/libwebp-base-1.6.0-hd42ef1d_1.conda
      - conda: https://conda.anaconda.org/conda-forge/linux-64/libxcb-1.17.0-hb83e432_1.conda
      - conda: https://conda.anaconda.org/conda-forge/linux-64/libzlib-1.3.2-h25fd6f3_3.conda
      - conda: https://conda.anaconda.org/conda-forge/linux-64/pthread-stubs-0.4-hb03c661_1003.conda
      - conda: https://conda.anaconda.org/conda-forge/linux-64/xorg-libx11-1.8.13-he1eb515_1.conda
      - conda: https://conda.anaconda.org/conda-forge/linux-64/xorg-libxau-1.0.12-hb03c661_2.conda
      - conda: https://conda.anaconda.org/conda-forge/linux-64/xorg-libxdmcp-1.1.5-hb03c661_2.conda
      - conda: https://conda.anaconda.org/conda-forge/linux-64/xorg-libxext-1.3.7-h7cc23a3_1.conda
      - conda: https://conda.anaconda.org/conda-forge/linux-64/xorg-libxfixes-6.0.2-h7cc23a3_1.conda
      - conda: https://conda.anaconda.org/conda-forge/linux-64/xorg-libxi-1.8.3-h7cc23a3_1.conda
      - conda: https://conda.anaconda.org/conda-forge/linux-64/xorg-libxxf86vm-1.1.7-hb03c661_0.conda
      - conda: https://conda.anaconda.org/conda-forge/linux-64/zstd-1.5.7-hb78ec9c_7.conda
      win-64:
      - conda: https://conda.anaconda.org/conda-forge/win-64/freeglut-3.2.2-hac47afa_4.conda
      - conda: https://conda.anaconda.org/conda-forge/win-64/jasper-4.2.9-h8ad263b_1.conda
      - conda: https://conda.anaconda.org/conda-forge/win-64/lcms2-2.19.1-hf2c6c5f_1.conda
      - conda: https://conda.anaconda.org/conda-forge/win-64/lerc-4.2.0-hd936e49_0.conda
      - conda: https://conda.anaconda.org/conda-forge/win-64/libdeflate-1.25-h1a1d4e4_1.conda
      - conda: https://conda.anaconda.org/conda-forge/win-64/libjpeg-turbo-3.2.0-hfd05255_1.conda
      - conda: https://conda.anaconda.org/conda-forge/win-64/liblzma-5.8.3-hfd05255_1.conda
      - conda: https://conda.anaconda.org/conda-forge/win-64/libraw-0.22.1-h345c428_0.conda
      - conda: https://conda.anaconda.org/conda-forge/win-64/libtiff-4.7.2-h8f73337_0.conda
      - conda: https://conda.anaconda.org/conda-forge/win-64/libzlib-1.3.2-hfd05255_3.conda
      - conda: https://conda.anaconda.org/conda-forge/win-64/ucrt-10.0.26100.0-h57928b3_0.conda
      - conda: https://conda.anaconda.org/conda-forge/win-64/vc-14.5-ha367084_41.conda
      - conda: https://conda.anaconda.org/conda-forge/win-64/vc14_runtime-14.51.36247-habf1de7_41.conda
      - conda: https://conda.anaconda.org/conda-forge/win-64/vcomp14-14.51.36247-habf1de7_41.conda
      - conda: https://conda.anaconda.org/conda-forge/win-64/zstd-1.5.7-h534d264_7.conda
packages:
- conda: https://conda.anaconda.org/conda-forge/linux-64/_openmp_mutex-4.5-20_gnu.conda
  build_number: 20
  sha256: 1dd3fffd892081df9726d7eb7e0dea6198962ba775bd88842135a4ddb4deb3c9
  md5: a9f577daf3de00bca7c3c76c0ecbd1de
  depends:
  - __glibc >=2.17,<3.0.a0
  - libgomp >=7.5.0
  constrains:
  - openmp_impl <0.0a0
  license: BSD-3-Clause
  license_family: BSD
  run_exports:
    strong:
    - _openmp_mutex >=4.5
  size: 28948
  timestamp: 1770939786096
- conda: https://conda.anaconda.org/conda-forge/linux-64/freeglut-3.2.2-h215f996_4.conda
  sha256: f94040a0d7c449038811097e145f223bd3b2ab4c5181870c6e27e1b9dd777d48
  md5: b39dccf5af984bcb68ee2aa0f3213ea6
  depends:
  - __glibc >=2.17,<3.0.a0
  - libgcc >=14
  - libgl >=1.7.0,<2.0a0
  - libglu >=9.0.3,<9.1.0a0
  - libstdcxx >=14
  - libxcb >=1.17.0,<2.0a0
  - xorg-libx11 >=1.8.13,<2.0a0
  - xorg-libxau >=1.0.12,<2.0a0
  - xorg-libxext >=1.3.7,<2.0a0
  - xorg-libxfixes >=6.0.2,<7.0a0
  - xorg-libxi >=1.8.2,<2.0a0
  - xorg-libxxf86vm >=1.1.7,<2.0a0
  license: MIT
  license_family: MIT
  run_exports:
    weak:
    - freeglut >=3.2.2,<4.0a0
  size: 146159
  timestamp: 1776928018299
- conda: https://conda.anaconda.org/conda-forge/linux-64/jasper-4.2.9-h1588d4d_1.conda
  sha256: a6a9858eadb4c794b56a1c954c1d4f4b57d96c9fb87092dd46f5bff9b0697b35
  md5: 115ecf05370670f93bc81a8c4f7fd57f
  depends:
  - __glibc >=2.17,<3.0.a0
  - freeglut >=3.2.2,<4.0a0
  - libexpat >=2.7.4,<3.0a0
  - libgcc >=14
  - libgl >=1.7.0,<2.0a0
  - libglu >=9.0.3,<10.0a0
  - libglu >=9.0.3,<9.1.0a0
  - libjpeg-turbo >=3.1.2,<4.0a0
  license: JasPer-2.0
  run_exports:
    weak:
    - jasper >=4.2.9,<5.0a0
  size: 684185
  timestamp: 1773677703432
- conda: https://conda.anaconda.org/conda-forge/linux-64/lcms2-2.19.1-h0c24ade_1.conda
  sha256: 112b5b9462572d970f4abd2912f76a25ee7db158b1e7260163d91dd8a630db84
  md5: 8b3ce45e929cd8e8e5f4d18586b56d8b
  depends:
  - __glibc >=2.17,<3.0.a0
  - libgcc >=14
  - libjpeg-turbo >=3.1.4.1,<4.0a0
  - libtiff >=4.7.1,<4.8.0a0
  license: MIT
  license_family: MIT
  run_exports:
    weak:
    - lcms2 >=2.19.1,<3.0a0
  size: 251971
  timestamp: 1780211695895
- conda: https://conda.anaconda.org/conda-forge/linux-64/lerc-4.2.0-hdb68285_0.conda
  sha256: bf9fdebf55d8bc99d83531cdffda00703f4dc5f93a1a956768c147362c72feda
  md5: fb9d356b1a57d6d54768be7ebd5fce09
  depends:
  - __glibc >=2.17,<3.0.a0
  - libgcc >=14
  - libstdcxx >=14
  license: Apache-2.0
  license_family: Apache
  run_exports:
    weak:
    - lerc >=4.2.0,<5.0a0
  size: 271158
  timestamp: 1785036167977
- conda: https://conda.anaconda.org/conda-forge/linux-64/libdeflate-1.25-hd45a770_1.conda
  sha256: 82e134c8a08b1eed9a2ed8ab578b89aa1730dcde3dea8dd87645ed0637878e54
  md5: 40f9b31aa9cf007789867df0decd0492
  depends:
  - __glibc >=2.17,<3.0.a0
  - libgcc >=14
  license: MIT
  license_family: MIT
  run_exports:
    weak:
    - libdeflate >=1.25,<1.26.0a0
  size: 73710
  timestamp: 1785908694612
- conda: https://conda.anaconda.org/conda-forge/linux-64/libexpat-2.8.1-hecca717_1.conda
  sha256: 16feffd9ddbbe5b718515d38ee376c685ba95491cd901244e24671d20b952a77
  md5: b24d3c612f71e7aa74158d92106318b2
  depends:
  - __glibc >=2.17,<3.0.a0
  - libgcc >=14
  constrains:
  - expat 2.8.1.*
  license: MIT
  license_family: MIT
  run_exports: {}
  size: 77856
  timestamp: 1781203599810
- conda: https://conda.anaconda.org/conda-forge/linux-64/libgcc-16.1.0-ha9f2e26_3.conda
  sha256: af35751596409fc1a1a81a32b7f1e195bca7f648dfe7c64f8ec4848b3a5003f8
  md5: c471b242d299f8bc1e2b3e0f6e9f4b77
  depends:
  - __glibc >=2.17,<3.0.a0
  - _openmp_mutex >=4.5
  constrains:
  - libgcc-ng ==16.1.0=*_3
  - libgomp 16.1.0 he0feb66_3
  license: GPL-3.0-only WITH GCC-exception-3.1
  run_exports: {}
  size: 1058775
  timestamp: 1787329503824
- conda: https://conda.anaconda.org/conda-forge/linux-64/libgl-1.7.0-ha4b6fd6_5.conda
  sha256: 7b2e7e31e8a4f5a01c45ecadcd8aa68c8f733b035240bc7ba9881835ef4bf7b4
  md5: 81141db127a106eb5a91df69a29c9918
  depends:
  - __glibc >=2.17,<3.0.a0
  - libglvnd 1.7.0 ha4b6fd6_5
  - libglx 1.7.0 ha4b6fd6_5
  license: LicenseRef-libglvnd
  run_exports: {}
  size: 131988
  timestamp: 1787310049847
- conda: https://conda.anaconda.org/conda-forge/linux-64/libglu-9.0.3-h5888daf_1.conda
  sha256: a0105eb88f76073bbb30169312e797ed5449ebb4e964a756104d6e54633d17ef
  md5: 8422fcc9e5e172c91e99aef703b3ce65
  depends:
  - __glibc >=2.17,<3.0.a0
  - libgcc >=13
  - libopengl >=1.7.0,<2.0a0
  - libstdcxx >=13
  license: SGI-B-2.0
  run_exports:
    weak:
    - libglu >=9.0.3,<9.1.0a0
  size: 325262
  timestamp: 1748692137626
- conda: https://conda.anaconda.org/conda-forge/linux-64/libglvnd-1.7.0-ha4b6fd6_5.conda
  sha256: 6eb77601a44b78c4631d886d54ef54f321c2bdc69fdefc4065a1e0491f030c76
  md5: cfcf11edcfd4acf0094771a9c3b8587f
  depends:
  - __glibc >=2.17,<3.0.a0
  license: LicenseRef-libglvnd
  run_exports: {}
  size: 133827
  timestamp: 1787310026653
- conda: https://conda.anaconda.org/conda-forge/linux-64/libglx-1.7.0-ha4b6fd6_5.conda
  sha256: d1f0d51aea6bcc5d915969cbed32e72a8ed6a95931b87357ef8d0866573688c4
  md5: 614e10aae180f87b84f0d1ca8ceb7d9e
  depends:
  - __glibc >=2.17,<3.0.a0
  - libglvnd 1.7.0 ha4b6fd6_5
  - xorg-libx11 >=1.8.13,<2.0a0
  license: LicenseRef-libglvnd
  run_exports: {}
  size: 79834
  timestamp: 1787310042550
- conda: https://conda.anaconda.org/conda-forge/linux-64/libgomp-16.1.0-he0feb66_3.conda
  sha256: 5998d3e2ef3ffcae6cd794c87f12acdd7220e69f7685a8ccef3cd2c5f6252831
  md5: 593dc8ed1ed687d4ffff6b8d2fce9d9f
  depends:
  - __glibc >=2.17,<3.0.a0
  license: GPL-3.0-only WITH GCC-exception-3.1
  run_exports:
    strong:
    - _openmp_mutex >=4.5
  size: 641537
  timestamp: 1787329444295
- conda: https://conda.anaconda.org/conda-forge/linux-64/libjpeg-turbo-3.2.0-hb03c661_1.conda
  sha256: bba8538e6538ed58a8479b332337b96986561f975d06cfa2039a016c2d246ee4
  md5: 898d1c9793eaa52efc4727bd84d2e39a
  depends:
  - __glibc >=2.17,<3.0.a0
  - libgcc >=14
  constrains:
  - jpeg <0.0.0a
  license: IJG AND BSD-3-Clause AND Zlib
  run_exports:
    weak:
    - libjpeg-turbo >=3.2.0,<4.0a0
  size: 650434
  timestamp: 1785896381946
- conda: https://conda.anaconda.org/conda-forge/linux-64/liblzma-5.8.3-hb03c661_1.conda
  sha256: 9787df8c22a59c9a70d3e5a10db9ad663485e75e9ccc3f09bd092cb7b95e0dab
  md5: 1390b7c5ac0b1d8e447bc5efa6d3c8c2
  depends:
  - __glibc >=2.17,<3.0.a0
  - libgcc >=14
  constrains:
  - xz 5.8.3.*
  license: 0BSD
  run_exports:
    weak:
    - liblzma >=5.8.3,<6.0a0
  size: 112995
  timestamp: 1786348617826
- conda: https://conda.anaconda.org/conda-forge/linux-64/libopengl-1.7.0-ha4b6fd6_5.conda
  sha256: 7bdca717c840e17d7dd050f925dd964da61086c2612b8579a4ff4147105f291f
  md5: d207a2e9bae9da476bc0a603215d5167
  depends:
  - __glibc >=2.17,<3.0.a0
  - libglvnd 1.7.0 ha4b6fd6_5
  license: LicenseRef-libglvnd
  run_exports: {}
  size: 50627
  timestamp: 1787310045795
- conda: https://conda.anaconda.org/conda-forge/linux-64/libraw-0.22.1-h074291d_0.conda
  sha256: 2d2eb9147efeec20bcc89313fa55d052829b7d23def0e8eed039d374ecaf785e
  md5: bbb55eb739ed4188e24904cafa939567
  depends:
  - libgcc >=14
  - libstdcxx >=14
  - __glibc >=2.17,<3.0.a0
  - _openmp_mutex >=4.5
  - jasper >=4.2.9,<5.0a0
  - lcms2 >=2.18,<3.0a0
  - libjpeg-turbo >=3.1.2,<4.0a0
  - libzlib >=1.3.2,<2.0a0
  license: LGPL-2.1-only
  run_exports:
    weak:
    - libraw >=0.22.1,<0.23.0a0
  size: 752027
  timestamp: 1775541726097
- conda: https://conda.anaconda.org/conda-forge/linux-64/libstdcxx-16.1.0-h934c35e_3.conda
  sha256: 6e98c0283244b5f8bbc0e86f7cba4d4921136bfbabf8da42b898a7a1f10be949
  md5: 470d16b28d90ad4368df1aa5bc7ec18d
  depends:
  - __glibc >=2.17,<3.0.a0
  - libgcc 16.1.0 ha9f2e26_3
  constrains:
  - libstdcxx-ng ==16.1.0=*_3
  license: GPL-3.0-only WITH GCC-exception-3.1
  run_exports: {}
  size: 6626421
  timestamp: 1787329526353
- conda: https://conda.anaconda.org/conda-forge/linux-64/libtiff-4.7.2-h9d88235_0.conda
  sha256: b31346e1c01ab40a170e91147092ee8fd92b1dee3c66ee47ef025571c879b159
  md5: c1fcb4a88bc15a9f77ad8d27d7af1df9
  depends:
  - __glibc >=2.17,<3.0.a0
  - lerc >=4.1.0,<5.0a0
  - libdeflate >=1.25,<1.26.0a0
  - libgcc >=14
  - libjpeg-turbo >=3.1.4.1,<4.0a0
  - liblzma >=5.8.3,<6.0a0
  - libstdcxx >=14
  - libwebp-base >=1.6.0,<2.0a0
  - libzlib >=1.3.2,<2.0a0
  - zstd >=1.5.7,<1.6.0a0
  license: HPND
  run_exports:
    weak:
    - libtiff >=4.7.2,<4.8.0a0
  size: 452337
  timestamp: 1783084902636
- conda: https://conda.anaconda.org/conda-forge/linux-64/libwebp-base-1.6.0-hd42ef1d_1.conda
  sha256: 8415001414f488c85b72b9d8cc2071dfb3981a47bc3c8eb56ef91a57d12eae7f
  md5: 9332b53d0ea93c5d39e33be03a0c611a
  depends:
  - __glibc >=2.17,<3.0.a0
  - libgcc >=14
  constrains:
  - libwebp 1.6.0
  license: BSD-3-Clause
  license_family: BSD
  run_exports:
    weak:
    - libwebp-base >=1.6.0,<2.0a0
  size: 428430
  timestamp: 1785954557217
- conda: https://conda.anaconda.org/conda-forge/linux-64/libxcb-1.17.0-hb83e432_1.conda
  sha256: ce25a1efa85a78a3ce3b16721d9c36153814adbf2fb004a15f72ec69894b4cb1
  md5: 64e856c420205b009da26471d3ac161d
  depends:
  - __glibc >=2.17,<3.0.a0
  - libgcc >=15
  - pthread-stubs
  - xorg-libxau >=1.0.12,<2.0a0
  - xorg-libxdmcp >=1.1.5,<2.0a0
  license: MIT
  license_family: MIT
  run_exports:
    weak:
    - libxcb >=1.17.0,<2.0a0
  size: 397355
  timestamp: 1787077466600
- conda: https://conda.anaconda.org/conda-forge/linux-64/libzlib-1.3.2-h25fd6f3_3.conda
  sha256: eb8a0db0aa570124f7d2a93d7c7f596e3390df5e047818d873baad32985fc736
  md5: 0de0122d9570a8ab637c6b73db268389
  depends:
  - __glibc >=2.17,<3.0.a0
  constrains:
  - zlib 1.3.2 *_3
  license: Zlib
  license_family: Other
  run_exports:
    weak:
    - libzlib >=1.3.2,<2.0a0
  size: 63713
  timestamp: 1785362952714
- conda: https://conda.anaconda.org/conda-forge/linux-64/pthread-stubs-0.4-hb03c661_1003.conda
  sha256: afc3b27b2cbb0487c1d0e963f96e71181ecfb623a24fb393bb19ff974a6382a1
  md5: df2c27f36bdb0dde779f55b5df76a352
  depends:
  - __glibc >=2.17,<3.0.a0
  - libgcc >=14
  license: MIT
  license_family: MIT
  run_exports: {}
  size: 9115
  timestamp: 1786067714761
- conda: https://conda.anaconda.org/conda-forge/linux-64/xorg-libx11-1.8.13-he1eb515_1.conda
  sha256: 68053eebfa9f0d91666786c8fb5839d989aa9b869add92cb8815228bb2d7302c
  md5: 8c282bbe4808a3cc80a5c98e9aec1cfc
  depends:
  - __glibc >=2.17,<3.0.a0
  - libgcc >=14
  - libxcb >=1.17.0,<2.0a0
  license: MIT
  license_family: MIT
  run_exports:
    weak:
    - xorg-libx11 >=1.8.13,<2.0a0
  size: 839578
  timestamp: 1787087012372
- conda: https://conda.anaconda.org/conda-forge/linux-64/xorg-libxau-1.0.12-hb03c661_2.conda
  sha256: cbf891f6cc1a859347680af1c8562bc6b033bf182a2a3bb536016932be3206de
  md5: f06ef439c280a5f90b8bf62355008dbc
  depends:
  - __glibc >=2.17,<3.0.a0
  - libgcc >=14
  license: MIT
  license_family: MIT
  run_exports:
    weak:
    - xorg-libxau >=1.0.12,<2.0a0
  size: 16419
  timestamp: 1786381001122
- conda: https://conda.anaconda.org/conda-forge/linux-64/xorg-libxdmcp-1.1.5-hb03c661_2.conda
  sha256: c50a16c05ccd7fe7dd6d6cfb539f4e9a491d50f9ed7a5c902fec638f7d0d27be
  md5: 2e66c929f3d879708335b6ea4557c838
  depends:
  - __glibc >=2.17,<3.0.a0
  - libgcc >=14
  license: MIT
  license_family: MIT
  run_exports:
    weak:
    - xorg-libxdmcp >=1.1.5,<2.0a0
  size: 21120
  timestamp: 1786381006369
- conda: https://conda.anaconda.org/conda-forge/linux-64/xorg-libxext-1.3.7-h7cc23a3_1.conda
  sha256: aa9bbe8b278aacc194e280ff5037f9f9a1f2c5b33ed97de8e7f01cfbe90dda43
  md5: e5b6b28536b81b3f4cb20db4668a4642
  depends:
  - __glibc >=2.17,<3.0.a0
  - libgcc >=15
  - xorg-libx11 >=1.8.13,<2.0a0
  license: MIT
  license_family: MIT
  run_exports:
    weak:
    - xorg-libxext >=1.3.7,<2.0a0
  size: 53124
  timestamp: 1787100841900
- conda: https://conda.anaconda.org/conda-forge/linux-64/xorg-libxfixes-6.0.2-h7cc23a3_1.conda
  sha256: aec84f554fc897bf4085c7bc8b8f0740e4c224e13bca3cc51c93e7699d56f83a
  md5: 09132e874fe0e1f5e4492b0b6b904b6e
  depends:
  - __glibc >=2.17,<3.0.a0
  - libgcc >=15
  - xorg-libx11 >=1.8.13,<2.0a0
  license: MIT
  license_family: MIT
  run_exports:
    weak:
    - xorg-libxfixes >=6.0.2,<7.0a0
  size: 21440
  timestamp: 1787248059682
- conda: https://conda.anaconda.org/conda-forge/linux-64/xorg-libxi-1.8.3-h7cc23a3_1.conda
  sha256: a523d71344a2f640efe6fc42b88fc261d9cd389d4f9838a5d42dcdb120c2b0c8
  md5: a1412b2b1184dacda45f8476fef2cc25
  depends:
  - __glibc >=2.17,<3.0.a0
  - libgcc >=15
  - xorg-libx11 >=1.8.13,<2.0a0
  - xorg-libxext >=1.3.7,<2.0a0
  - xorg-libxfixes >=6.0.2,<7.0a0
  license: MIT
  license_family: MIT
  run_exports:
    weak:
    - xorg-libxi >=1.8.3,<2.0a0
  size: 49165
  timestamp: 1787257060460
- conda: https://conda.anaconda.org/conda-forge/linux-64/xorg-libxxf86vm-1.1.7-hb03c661_0.conda
  sha256: 64db17baaf36fa03ed8fae105e2e671a7383e22df4077486646f7dbf12842c9f
  md5: 665d152b9c6e78da404086088077c844
  depends:
  - __glibc >=2.17,<3.0.a0
  - libgcc >=14
  - xorg-libx11 >=1.8.12,<2.0a0
  - xorg-libxext >=1.3.6,<2.0a0
  license: MIT
  license_family: MIT
  run_exports:
    weak:
    - xorg-libxxf86vm >=1.1.7,<2.0a0
  size: 18701
  timestamp: 1769434732453
- conda: https://conda.anaconda.org/conda-forge/linux-64/zstd-1.5.7-hb78ec9c_7.conda
  sha256: 47d682b9f6d6ec9eb1a6e6c3e75ea6273e899e78fb7fc59f81d39745009fbc60
  md5: aa459086047c0e5e27023ab19f8cb86a
  depends:
  - __glibc >=2.17,<3.0.a0
  - libzlib >=1.3.2,<2.0a0
  license: BSD-3-Clause
  license_family: BSD
  run_exports:
    weak:
    - zstd >=1.5.7,<1.6.0a0
  size: 601301
  timestamp: 1786599621503
- conda: https://conda.anaconda.org/conda-forge/win-64/freeglut-3.2.2-hac47afa_4.conda
  sha256: d4d255236a305e0fde4f9b360cca647331fad5348f70333c88fc50b3a6eabccc
  md5: dd76cafa8f23c9aaee93aa7e745fdba4
  depends:
  - ucrt >=10.0.20348.0
  - vc >=14.3,<15
  - vc14_runtime >=14.44.35208
  license: MIT
  license_family: MIT
  run_exports:
    weak:
    - freeglut >=3.2.2,<4.0a0
  size: 113837
  timestamp: 1776928077923
- conda: https://conda.anaconda.org/conda-forge/win-64/jasper-4.2.9-h8ad263b_1.conda
  sha256: aed571899460d314013fff76c6c1bb8e908788667f382f319e0daf920b85d103
  md5: c975e3f46230e47c7cab2d58c46f1f30
  depends:
  - freeglut >=3.2.2,<4.0a0
  - libjpeg-turbo >=3.1.2,<4.0a0
  - ucrt >=10.0.20348.0
  - vc >=14.3,<15
  - vc14_runtime >=14.44.35208
  license: JasPer-2.0
  run_exports:
    weak:
    - jasper >=4.2.9,<5.0a0
  size: 447034
  timestamp: 1773677819715
- conda: https://conda.anaconda.org/conda-forge/win-64/lcms2-2.19.1-hf2c6c5f_1.conda
  sha256: 5ed63a32639a130564a870becb679fd52dfb816666a61ed3c023917389010480
  md5: 1df4012c8a2478699d07bc26af66d41e
  depends:
  - libjpeg-turbo >=3.1.4.1,<4.0a0
  - libtiff >=4.7.1,<4.8.0a0
  - ucrt >=10.0.20348.0
  - vc >=14.3,<15
  - vc14_runtime >=14.44.35208
  license: MIT
  license_family: MIT
  run_exports:
    weak:
    - lcms2 >=2.19.1,<3.0a0
  size: 523194
  timestamp: 1780211799997
- conda: https://conda.anaconda.org/conda-forge/win-64/lerc-4.2.0-hd936e49_0.conda
  sha256: 93d666f63f284ef77b87b0b1f77b70f7d36d315a132f9afa64bc0012d937ba39
  md5: add59e2b60ac9d4299d17c938185c75a
  depends:
  - ucrt >=10.0.20348.0
  - vc >=14.3,<15
  - vc14_runtime >=14.44.35208
  license: Apache-2.0
  license_family: Apache
  run_exports:
    weak:
    - lerc >=4.2.0,<5.0a0
  size: 175297
  timestamp: 1785036247761
- conda: https://conda.anaconda.org/conda-forge/win-64/libdeflate-1.25-h1a1d4e4_1.conda
  sha256: af1cda21d4653f594fbef20aa4e1ff158a546902b3307ef8af9a9b44b43862d2
  md5: e4e122e124676a49eebf241399ad8393
  depends:
  - ucrt >=10.0.20348.0
  - vc >=14.3,<15
  - vc14_runtime >=14.44.35208
  license: MIT
  license_family: MIT
  run_exports:
    weak:
    - libdeflate >=1.25,<1.26.0a0
  size: 157828
  timestamp: 1785908793271
- conda: https://conda.anaconda.org/conda-forge/win-64/libjpeg-turbo-3.2.0-hfd05255_1.conda
  sha256: df78ab4c0eecb3dd9331898f96baeed8e5ca1c363346332517abeb0b614b9a53
  md5: fc2c23bacefd1e733f1e1d6cd3b2aaeb
  depends:
  - ucrt >=10.0.20348.0
  - vc >=14.3,<15
  - vc14_runtime >=14.44.35208
  constrains:
  - jpeg <0.0.0a
  license: IJG AND BSD-3-Clause AND Zlib
  run_exports:
    weak:
    - libjpeg-turbo >=3.2.0,<4.0a0
  size: 990125
  timestamp: 1785896494014
- conda: https://conda.anaconda.org/conda-forge/win-64/liblzma-5.8.3-hfd05255_1.conda
  sha256: d36c4a1e1f80fd08e18a407e03622ff2f34dfdd022da6488ad19603dea19e6d5
  md5: 880a0c8549479b198af21ba5dc49b109
  depends:
  - ucrt >=10.0.20348.0
  - vc >=14.3,<15
  - vc14_runtime >=14.44.35208
  constrains:
  - xz 5.8.3.*
  license: 0BSD
  run_exports:
    weak:
    - liblzma >=5.8.3,<6.0a0
  size: 105809
  timestamp: 1786348717883
- conda: https://conda.anaconda.org/conda-forge/win-64/libraw-0.22.1-h345c428_0.conda
  sha256: b5f50ec5914a2a66b5cca95710152d6cb97e09b8a834ce859974aa60fffa7770
  md5: fa0e0ded35a0ce9a41a7619ba6445182
  depends:
  - vc >=14.3,<15
  - vc14_runtime >=14.44.35208
  - ucrt >=10.0.20348.0
  - libjpeg-turbo >=3.1.2,<4.0a0
  - jasper >=4.2.9,<5.0a0
  - lcms2 >=2.18,<3.0a0
  - libzlib >=1.3.2,<2.0a0
  license: LGPL-2.1-only
  run_exports:
    weak:
    - libraw >=0.22.1,<0.23.0a0
  size: 572711
  timestamp: 1775541781709
- conda: https://conda.anaconda.org/conda-forge/win-64/libtiff-4.7.2-h8f73337_0.conda
  sha256: ec6d66308a6d6abaf3225f2f185113e6172e77eb0fa8622af982d7a5d6d47a2c
  md5: e83f459471905a04ebe15e21d063c49d
  depends:
  - lerc >=4.1.0,<5.0a0
  - libdeflate >=1.25,<1.26.0a0
  - libjpeg-turbo >=3.1.4.1,<4.0a0
  - liblzma >=5.8.3,<6.0a0
  - libzlib >=1.3.2,<2.0a0
  - ucrt >=10.0.20348.0
  - vc >=14.3,<15
  - vc14_runtime >=14.44.35208
  - zstd >=1.5.7,<1.6.0a0
  license: HPND
  run_exports:
    weak:
    - libtiff >=4.7.2,<4.8.0a0
  size: 1014598
  timestamp: 1783085017197
- conda: https://conda.anaconda.org/conda-forge/win-64/libzlib-1.3.2-hfd05255_3.conda
  sha256: 0629c2cc0404d3bb29d6baa7b4ba62da80797015e86de050db81ea5a07050527
  md5: 5d2ff29d465097458cc3ff6569151991
  depends:
  - ucrt >=10.0.20348.0
  - vc >=14.3,<15
  - vc14_runtime >=14.44.35208
  constrains:
  - zlib 1.3.2 *_3
  license: Zlib
  license_family: Other
  run_exports:
    weak:
    - libzlib >=1.3.2,<2.0a0
  size: 58529
  timestamp: 1785276664143
- conda: https://conda.anaconda.org/conda-forge/win-64/ucrt-10.0.26100.0-h57928b3_0.conda
  sha256: 3005729dce6f3d3f5ec91dfc49fc75a0095f9cd23bab49efb899657297ac91a5
  md5: 71b24316859acd00bdb8b38f5e2ce328
  constrains:
  - vc14_runtime >=14.29.30037
  - vs2015_runtime >=14.29.30037
  license: LicenseRef-MicrosoftWindowsSDK10
  run_exports: {}
  size: 694692
  timestamp: 1756385147981
- conda: https://conda.anaconda.org/conda-forge/win-64/vc-14.5-ha367084_41.conda
  sha256: 35444c55a92e2f7f7ba26bc70f81e56e52344f7d064c0fd4b40a46a58517b79c
  md5: aa805b5522c2a98fa286e551a1f48546
  depends:
  - vc14_runtime >=14.51.36247
  track_features:
  - vc14
  license: BSD-3-Clause
  license_family: BSD
  run_exports: {}
  size: 21383
  timestamp: 1785359368566
- conda: https://conda.anaconda.org/conda-forge/win-64/vc14_runtime-14.51.36247-habf1de7_41.conda
  sha256: 4e4cb599cdc41bf2109d1464c127b5bcbddf548ce3e322e612afb691338b48f8
  md5: ac5333bb3d429361f23adf704cc49a78
  depends:
  - ucrt >=10.0.20348.0
  - vcomp14 14.51.36247 habf1de7_41
  constrains:
  - vs2015_runtime 14.51.36247.* *_41
  license: LicenseRef-MicrosoftVisualCpp2015-2022Runtime
  license_family: Proprietary
  run_exports: {}
  size: 767955
  timestamp: 1785359364369
- conda: https://conda.anaconda.org/conda-forge/win-64/vcomp14-14.51.36247-habf1de7_41.conda
  sha256: 731e043390c9457299484d39e427221fc868a9249540a498a5a4f6456c7744d1
  md5: 350bb67a5c8e5f1c53347ac544ab6600
  depends:
  - ucrt >=10.0.20348.0
  constrains:
  - vs2015_runtime 14.51.36247.* *_41
  license: LicenseRef-MicrosoftVisualCpp2015-2022Runtime
  license_family: Proprietary
  run_exports:
    strong:
    - vcomp14 >=14.51.36247
  size: 155910
  timestamp: 1785359349999
- conda: https://conda.anaconda.org/conda-forge/win-64/zstd-1.5.7-h534d264_7.conda
  sha256: ca7daae4f218a11fab82cc2857f0ea518ec3f46acec60490485347a4c22c6b3e
  md5: e4ac308c39d6d0e131154976da67cf3b
  depends:
  - vc >=14.3,<15
  - vc14_runtime >=14.44.35208
  - ucrt >=10.0.20348.0
  - libzlib >=1.3.2,<2.0a0
  license: BSD-3-Clause
  license_family: BSD
  run_exports:
    weak:
    - zstd >=1.5.7,<1.6.0a0
  size: 387535
  timestamp: 1786599623274
