version: 7
platforms:
- name: linux-64
environments:
  default:
    channels:
    - url: https://conda.anaconda.org/conda-forge/
    packages:
      linux-64:
      - conda: https://conda.anaconda.org/conda-forge/linux-64/_openmp_mutex-4.5-20_gnu.conda
      - conda: https://conda.anaconda.org/conda-forge/linux-64/libcap-2.78-hd0affe5_0.conda
      - conda: https://conda.anaconda.org/conda-forge/linux-64/libgcc-15.2.0-he0feb66_19.conda
      - conda: https://conda.anaconda.org/conda-forge/linux-64/libgomp-15.2.0-he0feb66_19.conda
      - conda: https://conda.anaconda.org/conda-forge/linux-64/libudev-260.2-h6f4a2f1_1.conda
      - conda: https://conda.anaconda.org/conda-forge/linux-64/libudev1-260.2-h6f4a2f1_1.conda
packages:
- conda: https://conda.anaconda.org/conda-forge/linux-64/_openmp_mutex-4.5-20_gnu.conda
  build_number: 20
  sha256: 1dd3fffd892081df9726d7eb7e0dea6198962ba775bd88842135a4ddb4deb3c9
  md5: a9f577daf3de00bca7c3c76c0ecbd1de
  depends:
  - __glibc >=2.17,<3.0.a0
  - libgomp >=7.5.0
  constrains:
  - openmp_impl <0.0a0
  license: BSD-3-Clause
  license_family: BSD
  size: 28948
  timestamp: 1770939786096
- conda: https://conda.anaconda.org/conda-forge/linux-64/libcap-2.78-hd0affe5_0.conda
  sha256: cc8c9fc6ddf0fbd3d1275b558ae9abad6cda23bced268732e2da21a87bb358cd
  md5: f9f17eab7f3df1c6fd4b1a548a2f683a
  depends:
  - __glibc >=2.17,<3.0.a0
  - libgcc >=14
  license: BSD-3-Clause
  license_family: BSD
  size: 124335
  timestamp: 1775488792584
- conda: https://conda.anaconda.org/conda-forge/linux-64/libgcc-15.2.0-he0feb66_19.conda
  sha256: 8e0a3b5e41272e5678499b5dfc4cddb673f9e935de01eb0767ce857001229f46
  md5: 57736f29cc2b0ec0b6c2952d3f101b6a
  depends:
  - __glibc >=2.17,<3.0.a0
  - _openmp_mutex >=4.5
  constrains:
  - libgcc-ng ==15.2.0=*_19
  - libgomp 15.2.0 he0feb66_19
  license: GPL-3.0-only WITH GCC-exception-3.1
  license_family: GPL
  size: 1041084
  timestamp: 1778269013026
- conda: https://conda.anaconda.org/conda-forge/linux-64/libgomp-15.2.0-he0feb66_19.conda
  sha256: 5abe4ab9d93f6c9757d654f1969ae2267d4505315c1f2f8fe705fd60af084f1b
  md5: faac990cb7aedc7f3a2224f2c9b0c26c
  depends:
  - __glibc >=2.17,<3.0.a0
  license: GPL-3.0-only WITH GCC-exception-3.1
  license_family: GPL
  size: 603817
  timestamp: 1778268942614
- conda: https://conda.anaconda.org/conda-forge/linux-64/libudev-260.2-h6f4a2f1_1.conda
  sha256: ef960b4207a4883feeb26b7d53dcbd3f332bf99bb4e5bfc374a026ac462c0d93
  md5: 0dc419c1d4e53c8bd59404d00f6a04d9
  depends:
  - libudev1 260.2 h6f4a2f1_1
  license: LGPL-2.1-or-later
  size: 19937
  timestamp: 1780084748009
- conda: https://conda.anaconda.org/conda-forge/linux-64/libudev1-260.2-h6f4a2f1_1.conda
  sha256: ac3ea9e1a2442d10b6a85e89f97e8490fb3fd2354602f2b5a3edbf0f04bc25f2
  md5: c782297c0c842e25432fb1cf2c3c55ae
  depends:
  - __glibc >=2.34,<3.0.a0
  - libcap >=2.78,<2.79.0a0
  - libgcc >=14
  license: LGPL-2.1-or-later
  size: 172893
  timestamp: 1780084746800
