version: 7
platforms:
- name: p1
  subdir: linux-64
  virtual-packages:
  - __glibc=2.34
  - __unix=0=0
  - __linux=4.18
  - __archspec=0=x86_64
environments:
  default:
    channels:
    - url: https://conda.anaconda.org/conda-forge/
    packages:
      p1:
      - conda: https://conda.anaconda.org/conda-forge/linux-64/_openmp_mutex-4.5-20_gnu.conda
      - conda: https://conda.anaconda.org/conda-forge/linux-64/libcap-2.78-hd0affe5_0.conda
      - conda: https://conda.anaconda.org/conda-forge/linux-64/libgcc-15.2.0-he0feb66_20.conda
      - conda: https://conda.anaconda.org/conda-forge/linux-64/libgomp-15.2.0-he0feb66_20.conda
      - conda: https://conda.anaconda.org/conda-forge/linux-64/libudev-261.2-h6f4a2f1_0.conda
      - conda: https://conda.anaconda.org/conda-forge/linux-64/libudev1-261.2-h6f4a2f1_0.conda
packages:
- conda: https://conda.anaconda.org/conda-forge/linux-64/_openmp_mutex-4.5-20_gnu.conda
  build_number: 20
  sha256: 1dd3fffd892081df9726d7eb7e0dea6198962ba775bd88842135a4ddb4deb3c9
  md5: a9f577daf3de00bca7c3c76c0ecbd1de
  depends:
  - __glibc >=2.17,<3.0.a0
  - libgomp >=7.5.0
  constrains:
  - openmp_impl <0.0a0
  license: BSD-3-Clause
  license_family: BSD
  run_exports:
    strong:
    - _openmp_mutex >=4.5
  size: 28948
  timestamp: 1770939786096
- conda: https://conda.anaconda.org/conda-forge/linux-64/libcap-2.78-hd0affe5_0.conda
  sha256: cc8c9fc6ddf0fbd3d1275b558ae9abad6cda23bced268732e2da21a87bb358cd
  md5: f9f17eab7f3df1c6fd4b1a548a2f683a
  depends:
  - __glibc >=2.17,<3.0.a0
  - libgcc >=14
  license: BSD-3-Clause
  license_family: BSD
  run_exports:
    weak:
    - libcap >=2.78,<2.79.0a0
  size: 124335
  timestamp: 1775488792584
- conda: https://conda.anaconda.org/conda-forge/linux-64/libgcc-15.2.0-he0feb66_20.conda
  sha256: e3b7bb287d1685b15781a6d9e3408d6ddaff23f5a1d0d6c0140619dd3950fe72
  md5: 3533de187cf7283f96bfdb28ad73e2bc
  depends:
  - __glibc >=2.17,<3.0.a0
  - _openmp_mutex >=4.5
  constrains:
  - libgomp 15.2.0 he0feb66_20
  - libgcc-ng ==15.2.0=*_20
  license: GPL-3.0-only WITH GCC-exception-3.1
  license_family: GPL
  run_exports: {}
  size: 1041122
  timestamp: 1784923795784
- conda: https://conda.anaconda.org/conda-forge/linux-64/libgomp-15.2.0-he0feb66_20.conda
  sha256: 30b8ff1bf43871a17c9de99e56171ef54cfbe690ffa86681628db5a00af97cf7
  md5: 49321086c41bb58fc4b6cd8cbb74679d
  depends:
  - __glibc >=2.17,<3.0.a0
  license: GPL-3.0-only WITH GCC-exception-3.1
  license_family: GPL
  run_exports:
    strong:
    - _openmp_mutex >=4.5
  size: 603998
  timestamp: 1784923730278
- conda: https://conda.anaconda.org/conda-forge/linux-64/libudev-261.2-h6f4a2f1_0.conda
  sha256: e95a8658d7323c8aad561b4f61d903248d263809ed863648190eb058003ee3ff
  md5: ffe80547c0bc760e303ee41483c644be
  depends:
  - libudev1 261.2 h6f4a2f1_0
  license: LGPL-2.1-or-later
  run_exports:
    weak:
    - libudev1 >=261.2
  size: 19916
  timestamp: 1786455561804
- conda: https://conda.anaconda.org/conda-forge/linux-64/libudev1-261.2-h6f4a2f1_0.conda
  sha256: 67ca48ec0dea72e53e1b41269124bf72538e01d64d4801d3ed16788616632c72
  md5: 6f0fe22fab3d7e1fa244c6b59c710530
  depends:
  - __glibc >=2.34,<3.0.a0
  - libcap >=2.78,<2.79.0a0
  - libgcc >=14
  license: LGPL-2.1-or-later
  run_exports: {}
  size: 183630
  timestamp: 1786455560085
