version: 7
platforms:
- name: linux-64-glibc-2-34
  subdir: linux-64
  virtual-packages:
  - __glibc=2.34
  - __unix=0=0
  - __linux=4.18
  - __archspec=0=x86_64
environments:
  default:
    channels:
    - url: https://conda.anaconda.org/conda-forge/
    packages:
      linux-64-glibc-2-34:
      - conda: https://conda.anaconda.org/conda-forge/linux-64/_openmp_mutex-4.5-20_gnu.conda
      - conda: https://conda.anaconda.org/conda-forge/linux-64/libcap-2.78-h084b8d7_1.conda
      - conda: https://conda.anaconda.org/conda-forge/linux-64/libgcc-16.2.0-ha9f2e26_4.conda
      - conda: https://conda.anaconda.org/conda-forge/linux-64/libgomp-16.2.0-he0feb66_4.conda
      - conda: https://conda.anaconda.org/conda-forge/linux-64/libudev-261.2-h26e0ef7_1.conda
      - conda: https://conda.anaconda.org/conda-forge/linux-64/libudev1-261.2-h26e0ef7_1.conda
packages:
- conda: https://conda.anaconda.org/conda-forge/linux-64/_openmp_mutex-4.5-20_gnu.conda
  build_number: 20
  sha256: 1dd3fffd892081df9726d7eb7e0dea6198962ba775bd88842135a4ddb4deb3c9
  md5: a9f577daf3de00bca7c3c76c0ecbd1de
  depends:
  - __glibc >=2.17,<3.0.a0
  - libgomp >=7.5.0
  constrains:
  - openmp_impl <0.0a0
  license: BSD-3-Clause
  license_family: BSD
  run_exports:
    strong:
    - _openmp_mutex >=4.5
  size: 28948
  timestamp: 1770939786096
- conda: https://conda.anaconda.org/conda-forge/linux-64/libcap-2.78-h084b8d7_1.conda
  sha256: 8cb25174d6b6fac95d31e86cfe41faffc8ee9dacbf2bfd22e6c23377e8f338c1
  md5: 5db514adf5f843126ff846d1510f22a4
  depends:
  - __glibc >=2.17,<3.0.a0
  - libgcc >=14
  license: BSD-3-Clause
  license_family: BSD
  run_exports:
    weak:
    - libcap >=2.78,<2.79.0a0
  size: 124306
  timestamp: 1786025967663
- conda: https://conda.anaconda.org/conda-forge/linux-64/libgcc-16.2.0-ha9f2e26_4.conda
  sha256: 24090e675d34403b4ee1cd4372d8f6c0937da7ecfd66a19a57cac2ed0f4ea793
  md5: cba14d01083fc62ffd32c24d7d390633
  depends:
  - __glibc >=2.17,<3.0.a0
  - _openmp_mutex >=4.5
  constrains:
  - libgcc-ng ==16.2.0=*_4
  - libgomp 16.2.0 he0feb66_4
  license: GPL-3.0-only WITH GCC-exception-3.1
  license_family: GPL
  run_exports: {}
  size: 1058083
  timestamp: 1787618680111
- conda: https://conda.anaconda.org/conda-forge/linux-64/libgomp-16.2.0-he0feb66_4.conda
  sha256: 0fe5cb8e0752241ab55e11656ed1b9726248b522d23b929fe7c95b83eb55b9bb
  md5: 89d2c1231f47bd818f5d624b9411459d
  depends:
  - __glibc >=2.17,<3.0.a0
  license: GPL-3.0-only WITH GCC-exception-3.1
  license_family: GPL
  run_exports:
    strong:
    - _openmp_mutex >=4.5
  size: 639968
  timestamp: 1787618616266
- conda: https://conda.anaconda.org/conda-forge/linux-64/libudev-261.2-h26e0ef7_1.conda
  sha256: b00b7379480873e163df087102a3a4f71b5464bbeb7d3ee22a2d1e67655db256
  md5: 5088c945dcac02e2c0c71bbe55957a99
  depends:
  - libudev1 261.2 h26e0ef7_1
  license: LGPL-2.1-or-later
  run_exports:
    weak:
    - libudev1 >=261.2
  size: 34369
  timestamp: 1788977144793
- conda: https://conda.anaconda.org/conda-forge/linux-64/libudev1-261.2-h26e0ef7_1.conda
  sha256: 40544101e25417333a152d1a49513aab5e7a8b4128a668ccb46a0ef62b455279
  md5: c92e6a63dc493c32aa6f3bf3f7b6a94d
  depends:
  - __glibc >=2.17,<3.0.a0
  - libcap >=2.78,<2.79.0a0
  - libgcc >=15
  license: LGPL-2.1-or-later
  run_exports: {}
  size: 199354
  timestamp: 1788977143412
